
Microsoft Visual Studio Solution File, Format Version 12.00
# Visual Studio 14
VisualStudioVersion = 14.0.23107.0
MinimumVisualStudioVersion = 10.0.40219.1
Project("{FAE04EC0-301F-11D3-BF4B-00C04F79EFBC}") = "Navigation.Portable", "Navigation.Portable\Navigation.Portable.csproj", "{F1F3017C-6CDA-48E2-8FF0-EC4276650AC8}"
EndProject
Project("{FAE04EC0-301F-11D3-BF4B-00C04F79EFBC}") = "Navigation.Wpf", "Navigation.Wpf\Navigation.Wpf.csproj", "{8D18F297-259C-414E-BBD6-2B8AEA47657E}"
EndProject
Project("{FAE04EC0-301F-11D3-BF4B-00C04F79EFBC}") = "Navigation.Android", "Navigation.Android\Navigation.Android.csproj", "{10789FFA-4137-40C5-A5AF-792827D98F20}"
EndProject
Project("{FAE04EC0-301F-11D3-BF4B-00C04F79EFBC}") = "Navigation.WinForms", "Navigation.WinForms\Navigation.WinForms.csproj", "{338593DB-923C-44AE-8ADF-74276E67DE52}"
EndProject
Project("{2150E333-8FDC-42A3-9474-1A3956D46DE8}") = "Navigation.UniversalApp", "Navigation.UniversalApp", "{C66F20EC-6FA9-45DC-9D23-179449F5B366}"
EndProject
Project("{D954291E-2A0B-460D-934E-DC6B0785DB48}") = "Navigation.UniversalApp.Shared", "Navigation.UniversalApp\Navigation.UniversalApp.Shared\Navigation.UniversalApp.Shared.shproj", "{499359B5-8643-400C-99A8-395DD7612C37}"
EndProject
Project("{FAE04EC0-301F-11D3-BF4B-00C04F79EFBC}") = "Navigation.UniversalApp.Windows", "Navigation.UniversalApp\Navigation.UniversalApp.Windows\Navigation.UniversalApp.Windows.csproj", "{CAF4725E-9689-4F0A-AE72-648594CE0CCB}"
EndProject
Project("{FAE04EC0-301F-11D3-BF4B-00C04F79EFBC}") = "Navigation.UniversalApp.WindowsPhone", "Navigation.UniversalApp\Navigation.UniversalApp.WindowsPhone\Navigation.UniversalApp.WindowsPhone.csproj", "{726D9D8C-B19A-4472-B0C5-505B5FB4E7BD}"
EndProject
Project("{FAE04EC0-301F-11D3-BF4B-00C04F79EFBC}") = "Navigation.WindowsPhone(8.0)", "Navigation.WindowsPhone(8.0)\Navigation.WindowsPhone(8.0).csproj", "{0B60AA2A-D805-4341-9A42-C15847BE2886}"
EndProject
Project("{2150E333-8FDC-42A3-9474-1A3956D46DE8}") = ".nuget", ".nuget", "{71157775-43BC-47BF-BC02-3267D2F16B6B}"
	ProjectSection(SolutionItems) = preProject
		.nuget\NuGet.Config = .nuget\NuGet.Config
		.nuget\NuGet.exe = .nuget\NuGet.exe
		.nuget\NuGet.targets = .nuget\NuGet.targets
	EndProjectSection
EndProject
Project("{FAE04EC0-301F-11D3-BF4B-00C04F79EFBC}") = "Navigation.Touch", "Navigation.Touch\Navigation.Touch.csproj", "{4501A22D-672D-4E45-8488-53ED004E85F9}"
EndProject
Project("{2150E333-8FDC-42A3-9474-1A3956D46DE8}") = "Xamarin.Forms", "Xamarin.Forms", "{D0F6BF14-0A0F-4C02-B290-4E4F049F940F}"
EndProject
Project("{FAE04EC0-301F-11D3-BF4B-00C04F79EFBC}") = "Navigation", "Navigation\Navigation\Navigation.csproj", "{E215E870-A397-45E8-B48A-EF2818261E61}"
EndProject
Project("{FAE04EC0-301F-11D3-BF4B-00C04F79EFBC}") = "Navigation.Android", "Navigation\Navigation.Android\Navigation.Android.csproj", "{B2DBB6F9-147D-4B13-9843-9D340C666C0D}"
EndProject
Project("{FAE04EC0-301F-11D3-BF4B-00C04F79EFBC}") = "Navigation.iOS", "Navigation\Navigation.iOS\Navigation.iOS.csproj", "{55E12770-9CA4-40A6-BB46-6E8F1F3BBF17}"
EndProject
Project("{FAE04EC0-301F-11D3-BF4B-00C04F79EFBC}") = "Navigation.WinPhone", "Navigation\Navigation.WinPhone\Navigation.WinPhone.csproj", "{BD35C84C-7B0E-45EB-A9D9-7A16BE2CD391}"
EndProject
Project("{FAE04EC0-301F-11D3-BF4B-00C04F79EFBC}") = "Navigation.WinRT", "Navigation\Navigation.WinRT\Navigation.WinRT.csproj", "{00D9C807-EC69-4308-9573-4248A4993D20}"
EndProject
Project("{FAE04EC0-301F-11D3-BF4B-00C04F79EFBC}") = "Navigation.WinRT.Phone", "Navigation\Navigation.WinRT.Phone\Navigation.WinRT.Phone.csproj", "{2D3F862C-ABBB-4A20-851A-14382214AD6F}"
EndProject
Project("{FAE04EC0-301F-11D3-BF4B-00C04F79EFBC}") = "Navigation.WinRT", "Navigation.WinRT\Navigation.WinRT.csproj", "{C5361753-C400-406A-99AF-E32E9C1278AF}"
EndProject
Global
	GlobalSection(SharedMSBuildProjectFiles) = preSolution
		Navigation.UniversalApp\Navigation.UniversalApp.Shared\Navigation.UniversalApp.Shared.projitems*{726d9d8c-b19a-4472-b0c5-505b5fb4e7bd}*SharedItemsImports = 4
		Navigation.UniversalApp\Navigation.UniversalApp.Shared\Navigation.UniversalApp.Shared.projitems*{499359b5-8643-400c-99a8-395dd7612c37}*SharedItemsImports = 13
		Navigation.UniversalApp\Navigation.UniversalApp.Shared\Navigation.UniversalApp.Shared.projitems*{caf4725e-9689-4f0a-ae72-648594ce0ccb}*SharedItemsImports = 4
	EndGlobalSection
	GlobalSection(SolutionConfigurationPlatforms) = preSolution
		Ad-Hoc|Any CPU = Ad-Hoc|Any CPU
		Ad-Hoc|ARM = Ad-Hoc|ARM
		Ad-Hoc|x64 = Ad-Hoc|x64
		Ad-Hoc|x86 = Ad-Hoc|x86
		AppStore|Any CPU = AppStore|Any CPU
		AppStore|ARM = AppStore|ARM
		AppStore|x64 = AppStore|x64
		AppStore|x86 = AppStore|x86
		Debug|Any CPU = Debug|Any CPU
		Debug|ARM = Debug|ARM
		Debug|x64 = Debug|x64
		Debug|x86 = Debug|x86
		Release|Any CPU = Release|Any CPU
		Release|ARM = Release|ARM
		Release|x64 = Release|x64
		Release|x86 = Release|x86
	EndGlobalSection
	GlobalSection(ProjectConfigurationPlatforms) = postSolution
		{F1F3017C-6CDA-48E2-8FF0-EC4276650AC8}.Ad-Hoc|Any CPU.ActiveCfg = Release|Any CPU
		{F1F3017C-6CDA-48E2-8FF0-EC4276650AC8}.Ad-Hoc|Any CPU.Build.0 = Release|Any CPU
		{F1F3017C-6CDA-48E2-8FF0-EC4276650AC8}.Ad-Hoc|ARM.ActiveCfg = Release|Any CPU
		{F1F3017C-6CDA-48E2-8FF0-EC4276650AC8}.Ad-Hoc|x64.ActiveCfg = Debug|Any CPU
		{F1F3017C-6CDA-48E2-8FF0-EC4276650AC8}.Ad-Hoc|x86.ActiveCfg = Debug|Any CPU
		{F1F3017C-6CDA-48E2-8FF0-EC4276650AC8}.AppStore|Any CPU.ActiveCfg = Release|Any CPU
		{F1F3017C-6CDA-48E2-8FF0-EC4276650AC8}.AppStore|Any CPU.Build.0 = Release|Any CPU
		{F1F3017C-6CDA-48E2-8FF0-EC4276650AC8}.AppStore|ARM.ActiveCfg = Release|Any CPU
		{F1F3017C-6CDA-48E2-8FF0-EC4276650AC8}.AppStore|x64.ActiveCfg = Debug|Any CPU
		{F1F3017C-6CDA-48E2-8FF0-EC4276650AC8}.AppStore|x86.ActiveCfg = Debug|Any CPU
		{F1F3017C-6CDA-48E2-8FF0-EC4276650AC8}.Debug|Any CPU.ActiveCfg = Debug|Any CPU
		{F1F3017C-6CDA-48E2-8FF0-EC4276650AC8}.Debug|Any CPU.Build.0 = Debug|Any CPU
		{F1F3017C-6CDA-48E2-8FF0-EC4276650AC8}.Debug|ARM.ActiveCfg = Debug|Any CPU
		{F1F3017C-6CDA-48E2-8FF0-EC4276650AC8}.Debug|x64.ActiveCfg = Debug|Any CPU
		{F1F3017C-6CDA-48E2-8FF0-EC4276650AC8}.Debug|x86.ActiveCfg = Debug|Any CPU
		{F1F3017C-6CDA-48E2-8FF0-EC4276650AC8}.Release|Any CPU.ActiveCfg = Release|Any CPU
		{F1F3017C-6CDA-48E2-8FF0-EC4276650AC8}.Release|Any CPU.Build.0 = Release|Any CPU
		{F1F3017C-6CDA-48E2-8FF0-EC4276650AC8}.Release|ARM.ActiveCfg = Release|Any CPU
		{F1F3017C-6CDA-48E2-8FF0-EC4276650AC8}.Release|x64.ActiveCfg = Release|Any CPU
		{F1F3017C-6CDA-48E2-8FF0-EC4276650AC8}.Release|x86.ActiveCfg = Release|Any CPU
		{8D18F297-259C-414E-BBD6-2B8AEA47657E}.Ad-Hoc|Any CPU.ActiveCfg = Release|Any CPU
		{8D18F297-259C-414E-BBD6-2B8AEA47657E}.Ad-Hoc|Any CPU.Build.0 = Release|Any CPU
		{8D18F297-259C-414E-BBD6-2B8AEA47657E}.Ad-Hoc|ARM.ActiveCfg = Release|Any CPU
		{8D18F297-259C-414E-BBD6-2B8AEA47657E}.Ad-Hoc|x64.ActiveCfg = Debug|Any CPU
		{8D18F297-259C-414E-BBD6-2B8AEA47657E}.Ad-Hoc|x86.ActiveCfg = Debug|Any CPU
		{8D18F297-259C-414E-BBD6-2B8AEA47657E}.AppStore|Any CPU.ActiveCfg = Release|Any CPU
		{8D18F297-259C-414E-BBD6-2B8AEA47657E}.AppStore|Any CPU.Build.0 = Release|Any CPU
		{8D18F297-259C-414E-BBD6-2B8AEA47657E}.AppStore|ARM.ActiveCfg = Release|Any CPU
		{8D18F297-259C-414E-BBD6-2B8AEA47657E}.AppStore|x64.ActiveCfg = Debug|Any CPU
		{8D18F297-259C-414E-BBD6-2B8AEA47657E}.AppStore|x86.ActiveCfg = Debug|Any CPU
		{8D18F297-259C-414E-BBD6-2B8AEA47657E}.Debug|Any CPU.ActiveCfg = Debug|Any CPU
		{8D18F297-259C-414E-BBD6-2B8AEA47657E}.Debug|Any CPU.Build.0 = Debug|Any CPU
		{8D18F297-259C-414E-BBD6-2B8AEA47657E}.Debug|ARM.ActiveCfg = Debug|Any CPU
		{8D18F297-259C-414E-BBD6-2B8AEA47657E}.Debug|x64.ActiveCfg = Debug|Any CPU
		{8D18F297-259C-414E-BBD6-2B8AEA47657E}.Debug|x86.ActiveCfg = Debug|Any CPU
		{8D18F297-259C-414E-BBD6-2B8AEA47657E}.Release|Any CPU.ActiveCfg = Release|Any CPU
		{8D18F297-259C-414E-BBD6-2B8AEA47657E}.Release|Any CPU.Build.0 = Release|Any CPU
		{8D18F297-259C-414E-BBD6-2B8AEA47657E}.Release|ARM.ActiveCfg = Release|Any CPU
		{8D18F297-259C-414E-BBD6-2B8AEA47657E}.Release|x64.ActiveCfg = Release|Any CPU
		{8D18F297-259C-414E-BBD6-2B8AEA47657E}.Release|x86.ActiveCfg = Release|Any CPU
		{10789FFA-4137-40C5-A5AF-792827D98F20}.Ad-Hoc|Any CPU.ActiveCfg = Release|Any CPU
		{10789FFA-4137-40C5-A5AF-792827D98F20}.Ad-Hoc|Any CPU.Build.0 = Release|Any CPU
		{10789FFA-4137-40C5-A5AF-792827D98F20}.Ad-Hoc|Any CPU.Deploy.0 = Release|Any CPU
		{10789FFA-4137-40C5-A5AF-792827D98F20}.Ad-Hoc|ARM.ActiveCfg = Release|Any CPU
		{10789FFA-4137-40C5-A5AF-792827D98F20}.Ad-Hoc|x64.ActiveCfg = Debug|Any CPU
		{10789FFA-4137-40C5-A5AF-792827D98F20}.Ad-Hoc|x86.ActiveCfg = Debug|Any CPU
		{10789FFA-4137-40C5-A5AF-792827D98F20}.AppStore|Any CPU.ActiveCfg = Release|Any CPU
		{10789FFA-4137-40C5-A5AF-792827D98F20}.AppStore|Any CPU.Build.0 = Release|Any CPU
		{10789FFA-4137-40C5-A5AF-792827D98F20}.AppStore|Any CPU.Deploy.0 = Release|Any CPU
		{10789FFA-4137-40C5-A5AF-792827D98F20}.AppStore|ARM.ActiveCfg = Release|Any CPU
		{10789FFA-4137-40C5-A5AF-792827D98F20}.AppStore|x64.ActiveCfg = Debug|Any CPU
		{10789FFA-4137-40C5-A5AF-792827D98F20}.AppStore|x86.ActiveCfg = Debug|Any CPU
		{10789FFA-4137-40C5-A5AF-792827D98F20}.Debug|Any CPU.ActiveCfg = Debug|Any CPU
		{10789FFA-4137-40C5-A5AF-792827D98F20}.Debug|Any CPU.Build.0 = Debug|Any CPU
		{10789FFA-4137-40C5-A5AF-792827D98F20}.Debug|Any CPU.Deploy.0 = Debug|Any CPU
		{10789FFA-4137-40C5-A5AF-792827D98F20}.Debug|ARM.ActiveCfg = Debug|Any CPU
		{10789FFA-4137-40C5-A5AF-792827D98F20}.Debug|x64.ActiveCfg = Debug|Any CPU
		{10789FFA-4137-40C5-A5AF-792827D98F20}.Debug|x86.ActiveCfg = Debug|Any CPU
		{10789FFA-4137-40C5-A5AF-792827D98F20}.Release|Any CPU.ActiveCfg = Release|Any CPU
		{10789FFA-4137-40C5-A5AF-792827D98F20}.Release|Any CPU.Build.0 = Release|Any CPU
		{10789FFA-4137-40C5-A5AF-792827D98F20}.Release|Any CPU.Deploy.0 = Release|Any CPU
		{10789FFA-4137-40C5-A5AF-792827D98F20}.Release|ARM.ActiveCfg = Release|Any CPU
		{10789FFA-4137-40C5-A5AF-792827D98F20}.Release|x64.ActiveCfg = Release|Any CPU
		{10789FFA-4137-40C5-A5AF-792827D98F20}.Release|x86.ActiveCfg = Release|Any CPU
		{338593DB-923C-44AE-8ADF-74276E67DE52}.Ad-Hoc|Any CPU.ActiveCfg = Release|Any CPU
		{338593DB-923C-44AE-8ADF-74276E67DE52}.Ad-Hoc|Any CPU.Build.0 = Release|Any CPU
		{338593DB-923C-44AE-8ADF-74276E67DE52}.Ad-Hoc|ARM.ActiveCfg = Release|Any CPU
		{338593DB-923C-44AE-8ADF-74276E67DE52}.Ad-Hoc|x64.ActiveCfg = Debug|Any CPU
		{338593DB-923C-44AE-8ADF-74276E67DE52}.Ad-Hoc|x86.ActiveCfg = Debug|Any CPU
		{338593DB-923C-44AE-8ADF-74276E67DE52}.AppStore|Any CPU.ActiveCfg = Release|Any CPU
		{338593DB-923C-44AE-8ADF-74276E67DE52}.AppStore|Any CPU.Build.0 = Release|Any CPU
		{338593DB-923C-44AE-8ADF-74276E67DE52}.AppStore|ARM.ActiveCfg = Release|Any CPU
		{338593DB-923C-44AE-8ADF-74276E67DE52}.AppStore|x64.ActiveCfg = Debug|Any CPU
		{338593DB-923C-44AE-8ADF-74276E67DE52}.AppStore|x86.ActiveCfg = Debug|Any CPU
		{338593DB-923C-44AE-8ADF-74276E67DE52}.Debug|Any CPU.ActiveCfg = Debug|Any CPU
		{338593DB-923C-44AE-8ADF-74276E67DE52}.Debug|Any CPU.Build.0 = Debug|Any CPU
		{338593DB-923C-44AE-8ADF-74276E67DE52}.Debug|ARM.ActiveCfg = Debug|Any CPU
		{338593DB-923C-44AE-8ADF-74276E67DE52}.Debug|x64.ActiveCfg = Debug|Any CPU
		{338593DB-923C-44AE-8ADF-74276E67DE52}.Debug|x86.ActiveCfg = Debug|Any CPU
		{338593DB-923C-44AE-8ADF-74276E67DE52}.Release|Any CPU.ActiveCfg = Release|Any CPU
		{338593DB-923C-44AE-8ADF-74276E67DE52}.Release|Any CPU.Build.0 = Release|Any CPU
		{338593DB-923C-44AE-8ADF-74276E67DE52}.Release|ARM.ActiveCfg = Release|Any CPU
		{338593DB-923C-44AE-8ADF-74276E67DE52}.Release|x64.ActiveCfg = Release|Any CPU
		{338593DB-923C-44AE-8ADF-74276E67DE52}.Release|x86.ActiveCfg = Release|Any CPU
		{CAF4725E-9689-4F0A-AE72-648594CE0CCB}.Ad-Hoc|Any CPU.ActiveCfg = Release|Any CPU
		{CAF4725E-9689-4F0A-AE72-648594CE0CCB}.Ad-Hoc|Any CPU.Build.0 = Release|Any CPU
		{CAF4725E-9689-4F0A-AE72-648594CE0CCB}.Ad-Hoc|Any CPU.Deploy.0 = Release|Any CPU
		{CAF4725E-9689-4F0A-AE72-648594CE0CCB}.Ad-Hoc|ARM.ActiveCfg = Release|ARM
		{CAF4725E-9689-4F0A-AE72-648594CE0CCB}.Ad-Hoc|ARM.Build.0 = Release|ARM
		{CAF4725E-9689-4F0A-AE72-648594CE0CCB}.Ad-Hoc|ARM.Deploy.0 = Release|ARM
		{CAF4725E-9689-4F0A-AE72-648594CE0CCB}.Ad-Hoc|x64.ActiveCfg = Release|x64
		{CAF4725E-9689-4F0A-AE72-648594CE0CCB}.Ad-Hoc|x64.Build.0 = Release|x64
		{CAF4725E-9689-4F0A-AE72-648594CE0CCB}.Ad-Hoc|x64.Deploy.0 = Release|x64
		{CAF4725E-9689-4F0A-AE72-648594CE0CCB}.Ad-Hoc|x86.ActiveCfg = Release|x86
		{CAF4725E-9689-4F0A-AE72-648594CE0CCB}.Ad-Hoc|x86.Build.0 = Release|x86
		{CAF4725E-9689-4F0A-AE72-648594CE0CCB}.Ad-Hoc|x86.Deploy.0 = Release|x86
		{CAF4725E-9689-4F0A-AE72-648594CE0CCB}.AppStore|Any CPU.ActiveCfg = Release|Any CPU
		{CAF4725E-9689-4F0A-AE72-648594CE0CCB}.AppStore|Any CPU.Build.0 = Release|Any CPU
		{CAF4725E-9689-4F0A-AE72-648594CE0CCB}.AppStore|Any CPU.Deploy.0 = Release|Any CPU
		{CAF4725E-9689-4F0A-AE72-648594CE0CCB}.AppStore|ARM.ActiveCfg = Release|ARM
		{CAF4725E-9689-4F0A-AE72-648594CE0CCB}.AppStore|ARM.Build.0 = Release|ARM
		{CAF4725E-9689-4F0A-AE72-648594CE0CCB}.AppStore|ARM.Deploy.0 = Release|ARM
		{CAF4725E-9689-4F0A-AE72-648594CE0CCB}.AppStore|x64.ActiveCfg = Release|x64
		{CAF4725E-9689-4F0A-AE72-648594CE0CCB}.AppStore|x64.Build.0 = Release|x64
		{CAF4725E-9689-4F0A-AE72-648594CE0CCB}.AppStore|x64.Deploy.0 = Release|x64
		{CAF4725E-9689-4F0A-AE72-648594CE0CCB}.AppStore|x86.ActiveCfg = Release|x86
		{CAF4725E-9689-4F0A-AE72-648594CE0CCB}.AppStore|x86.Build.0 = Release|x86
		{CAF4725E-9689-4F0A-AE72-648594CE0CCB}.AppStore|x86.Deploy.0 = Release|x86
		{CAF4725E-9689-4F0A-AE72-648594CE0CCB}.Debug|Any CPU.ActiveCfg = Debug|Any CPU
		{CAF4725E-9689-4F0A-AE72-648594CE0CCB}.Debug|Any CPU.Build.0 = Debug|Any CPU
		{CAF4725E-9689-4F0A-AE72-648594CE0CCB}.Debug|Any CPU.Deploy.0 = Debug|Any CPU
		{CAF4725E-9689-4F0A-AE72-648594CE0CCB}.Debug|ARM.ActiveCfg = Debug|ARM
		{CAF4725E-9689-4F0A-AE72-648594CE0CCB}.Debug|ARM.Build.0 = Debug|ARM
		{CAF4725E-9689-4F0A-AE72-648594CE0CCB}.Debug|ARM.Deploy.0 = Debug|ARM
		{CAF4725E-9689-4F0A-AE72-648594CE0CCB}.Debug|x64.ActiveCfg = Debug|x64
		{CAF4725E-9689-4F0A-AE72-648594CE0CCB}.Debug|x64.Build.0 = Debug|x64
		{CAF4725E-9689-4F0A-AE72-648594CE0CCB}.Debug|x64.Deploy.0 = Debug|x64
		{CAF4725E-9689-4F0A-AE72-648594CE0CCB}.Debug|x86.ActiveCfg = Debug|x86
		{CAF4725E-9689-4F0A-AE72-648594CE0CCB}.Debug|x86.Build.0 = Debug|x86
		{CAF4725E-9689-4F0A-AE72-648594CE0CCB}.Debug|x86.Deploy.0 = Debug|x86
		{CAF4725E-9689-4F0A-AE72-648594CE0CCB}.Release|Any CPU.ActiveCfg = Release|Any CPU
		{CAF4725E-9689-4F0A-AE72-648594CE0CCB}.Release|Any CPU.Build.0 = Release|Any CPU
		{CAF4725E-9689-4F0A-AE72-648594CE0CCB}.Release|Any CPU.Deploy.0 = Release|Any CPU
		{CAF4725E-9689-4F0A-AE72-648594CE0CCB}.Release|ARM.ActiveCfg = Release|ARM
		{CAF4725E-9689-4F0A-AE72-648594CE0CCB}.Release|ARM.Build.0 = Release|ARM
		{CAF4725E-9689-4F0A-AE72-648594CE0CCB}.Release|ARM.Deploy.0 = Release|ARM
		{CAF4725E-9689-4F0A-AE72-648594CE0CCB}.Release|x64.ActiveCfg = Release|x64
		{CAF4725E-9689-4F0A-AE72-648594CE0CCB}.Release|x64.Build.0 = Release|x64
		{CAF4725E-9689-4F0A-AE72-648594CE0CCB}.Release|x64.Deploy.0 = Release|x64
		{CAF4725E-9689-4F0A-AE72-648594CE0CCB}.Release|x86.ActiveCfg = Release|x86
		{CAF4725E-9689-4F0A-AE72-648594CE0CCB}.Release|x86.Build.0 = Release|x86
		{CAF4725E-9689-4F0A-AE72-648594CE0CCB}.Release|x86.Deploy.0 = Release|x86
		{726D9D8C-B19A-4472-B0C5-505B5FB4E7BD}.Ad-Hoc|Any CPU.ActiveCfg = Release|Any CPU
		{726D9D8C-B19A-4472-B0C5-505B5FB4E7BD}.Ad-Hoc|Any CPU.Build.0 = Release|Any CPU
		{726D9D8C-B19A-4472-B0C5-505B5FB4E7BD}.Ad-Hoc|Any CPU.Deploy.0 = Release|Any CPU
		{726D9D8C-B19A-4472-B0C5-505B5FB4E7BD}.Ad-Hoc|ARM.ActiveCfg = Release|ARM
		{726D9D8C-B19A-4472-B0C5-505B5FB4E7BD}.Ad-Hoc|ARM.Build.0 = Release|ARM
		{726D9D8C-B19A-4472-B0C5-505B5FB4E7BD}.Ad-Hoc|ARM.Deploy.0 = Release|ARM
		{726D9D8C-B19A-4472-B0C5-505B5FB4E7BD}.Ad-Hoc|x64.ActiveCfg = Debug|Any CPU
		{726D9D8C-B19A-4472-B0C5-505B5FB4E7BD}.Ad-Hoc|x86.ActiveCfg = Release|x86
		{726D9D8C-B19A-4472-B0C5-505B5FB4E7BD}.Ad-Hoc|x86.Build.0 = Release|x86
		{726D9D8C-B19A-4472-B0C5-505B5FB4E7BD}.Ad-Hoc|x86.Deploy.0 = Release|x86
		{726D9D8C-B19A-4472-B0C5-505B5FB4E7BD}.AppStore|Any CPU.ActiveCfg = Release|Any CPU
		{726D9D8C-B19A-4472-B0C5-505B5FB4E7BD}.AppStore|Any CPU.Build.0 = Release|Any CPU
		{726D9D8C-B19A-4472-B0C5-505B5FB4E7BD}.AppStore|Any CPU.Deploy.0 = Release|Any CPU
		{726D9D8C-B19A-4472-B0C5-505B5FB4E7BD}.AppStore|ARM.ActiveCfg = Release|ARM
		{726D9D8C-B19A-4472-B0C5-505B5FB4E7BD}.AppStore|ARM.Build.0 = Release|ARM
		{726D9D8C-B19A-4472-B0C5-505B5FB4E7BD}.AppStore|ARM.Deploy.0 = Release|ARM
		{726D9D8C-B19A-4472-B0C5-505B5FB4E7BD}.AppStore|x64.ActiveCfg = Debug|Any CPU
		{726D9D8C-B19A-4472-B0C5-505B5FB4E7BD}.AppStore|x86.ActiveCfg = Release|x86
		{726D9D8C-B19A-4472-B0C5-505B5FB4E7BD}.AppStore|x86.Build.0 = Release|x86
		{726D9D8C-B19A-4472-B0C5-505B5FB4E7BD}.AppStore|x86.Deploy.0 = Release|x86
		{726D9D8C-B19A-4472-B0C5-505B5FB4E7BD}.Debug|Any CPU.ActiveCfg = Debug|Any CPU
		{726D9D8C-B19A-4472-B0C5-505B5FB4E7BD}.Debug|Any CPU.Build.0 = Debug|Any CPU
		{726D9D8C-B19A-4472-B0C5-505B5FB4E7BD}.Debug|Any CPU.Deploy.0 = Debug|Any CPU
		{726D9D8C-B19A-4472-B0C5-505B5FB4E7BD}.Debug|ARM.ActiveCfg = Debug|ARM
		{726D9D8C-B19A-4472-B0C5-505B5FB4E7BD}.Debug|ARM.Build.0 = Debug|ARM
		{726D9D8C-B19A-4472-B0C5-505B5FB4E7BD}.Debug|ARM.Deploy.0 = Debug|ARM
		{726D9D8C-B19A-4472-B0C5-505B5FB4E7BD}.Debug|x64.ActiveCfg = Debug|Any CPU
		{726D9D8C-B19A-4472-B0C5-505B5FB4E7BD}.Debug|x86.ActiveCfg = Debug|x86
		{726D9D8C-B19A-4472-B0C5-505B5FB4E7BD}.Debug|x86.Build.0 = Debug|x86
		{726D9D8C-B19A-4472-B0C5-505B5FB4E7BD}.Debug|x86.Deploy.0 = Debug|x86
		{726D9D8C-B19A-4472-B0C5-505B5FB4E7BD}.Release|Any CPU.ActiveCfg = Release|Any CPU
		{726D9D8C-B19A-4472-B0C5-505B5FB4E7BD}.Release|Any CPU.Build.0 = Release|Any CPU
		{726D9D8C-B19A-4472-B0C5-505B5FB4E7BD}.Release|Any CPU.Deploy.0 = Release|Any CPU
		{726D9D8C-B19A-4472-B0C5-505B5FB4E7BD}.Release|ARM.ActiveCfg = Release|ARM
		{726D9D8C-B19A-4472-B0C5-505B5FB4E7BD}.Release|ARM.Build.0 = Release|ARM
		{726D9D8C-B19A-4472-B0C5-505B5FB4E7BD}.Release|ARM.Deploy.0 = Release|ARM
		{726D9D8C-B19A-4472-B0C5-505B5FB4E7BD}.Release|x64.ActiveCfg = Release|Any CPU
		{726D9D8C-B19A-4472-B0C5-505B5FB4E7BD}.Release|x86.ActiveCfg = Release|x86
		{726D9D8C-B19A-4472-B0C5-505B5FB4E7BD}.Release|x86.Build.0 = Release|x86
		{726D9D8C-B19A-4472-B0C5-505B5FB4E7BD}.Release|x86.Deploy.0 = Release|x86
		{0B60AA2A-D805-4341-9A42-C15847BE2886}.Ad-Hoc|Any CPU.ActiveCfg = Release|Any CPU
		{0B60AA2A-D805-4341-9A42-C15847BE2886}.Ad-Hoc|Any CPU.Build.0 = Release|Any CPU
		{0B60AA2A-D805-4341-9A42-C15847BE2886}.Ad-Hoc|Any CPU.Deploy.0 = Release|Any CPU
		{0B60AA2A-D805-4341-9A42-C15847BE2886}.Ad-Hoc|ARM.ActiveCfg = Release|ARM
		{0B60AA2A-D805-4341-9A42-C15847BE2886}.Ad-Hoc|ARM.Build.0 = Release|ARM
		{0B60AA2A-D805-4341-9A42-C15847BE2886}.Ad-Hoc|ARM.Deploy.0 = Release|ARM
		{0B60AA2A-D805-4341-9A42-C15847BE2886}.Ad-Hoc|x64.ActiveCfg = Debug|Any CPU
		{0B60AA2A-D805-4341-9A42-C15847BE2886}.Ad-Hoc|x86.ActiveCfg = Release|x86
		{0B60AA2A-D805-4341-9A42-C15847BE2886}.Ad-Hoc|x86.Build.0 = Release|x86
		{0B60AA2A-D805-4341-9A42-C15847BE2886}.Ad-Hoc|x86.Deploy.0 = Release|x86
		{0B60AA2A-D805-4341-9A42-C15847BE2886}.AppStore|Any CPU.ActiveCfg = Release|Any CPU
		{0B60AA2A-D805-4341-9A42-C15847BE2886}.AppStore|Any CPU.Build.0 = Release|Any CPU
		{0B60AA2A-D805-4341-9A42-C15847BE2886}.AppStore|Any CPU.Deploy.0 = Release|Any CPU
		{0B60AA2A-D805-4341-9A42-C15847BE2886}.AppStore|ARM.ActiveCfg = Release|ARM
		{0B60AA2A-D805-4341-9A42-C15847BE2886}.AppStore|ARM.Build.0 = Release|ARM
		{0B60AA2A-D805-4341-9A42-C15847BE2886}.AppStore|ARM.Deploy.0 = Release|ARM
		{0B60AA2A-D805-4341-9A42-C15847BE2886}.AppStore|x64.ActiveCfg = Debug|Any CPU
		{0B60AA2A-D805-4341-9A42-C15847BE2886}.AppStore|x86.ActiveCfg = Release|x86
		{0B60AA2A-D805-4341-9A42-C15847BE2886}.AppStore|x86.Build.0 = Release|x86
		{0B60AA2A-D805-4341-9A42-C15847BE2886}.AppStore|x86.Deploy.0 = Release|x86
		{0B60AA2A-D805-4341-9A42-C15847BE2886}.Debug|Any CPU.ActiveCfg = Debug|Any CPU
		{0B60AA2A-D805-4341-9A42-C15847BE2886}.Debug|Any CPU.Build.0 = Debug|Any CPU
		{0B60AA2A-D805-4341-9A42-C15847BE2886}.Debug|Any CPU.Deploy.0 = Debug|Any CPU
		{0B60AA2A-D805-4341-9A42-C15847BE2886}.Debug|ARM.ActiveCfg = Debug|ARM
		{0B60AA2A-D805-4341-9A42-C15847BE2886}.Debug|ARM.Build.0 = Debug|ARM
		{0B60AA2A-D805-4341-9A42-C15847BE2886}.Debug|ARM.Deploy.0 = Debug|ARM
		{0B60AA2A-D805-4341-9A42-C15847BE2886}.Debug|x64.ActiveCfg = Debug|Any CPU
		{0B60AA2A-D805-4341-9A42-C15847BE2886}.Debug|x86.ActiveCfg = Debug|x86
		{0B60AA2A-D805-4341-9A42-C15847BE2886}.Debug|x86.Build.0 = Debug|x86
		{0B60AA2A-D805-4341-9A42-C15847BE2886}.Debug|x86.Deploy.0 = Debug|x86
		{0B60AA2A-D805-4341-9A42-C15847BE2886}.Release|Any CPU.ActiveCfg = Release|Any CPU
		{0B60AA2A-D805-4341-9A42-C15847BE2886}.Release|Any CPU.Build.0 = Release|Any CPU
		{0B60AA2A-D805-4341-9A42-C15847BE2886}.Release|Any CPU.Deploy.0 = Release|Any CPU
		{0B60AA2A-D805-4341-9A42-C15847BE2886}.Release|ARM.ActiveCfg = Release|ARM
		{0B60AA2A-D805-4341-9A42-C15847BE2886}.Release|ARM.Build.0 = Release|ARM
		{0B60AA2A-D805-4341-9A42-C15847BE2886}.Release|ARM.Deploy.0 = Release|ARM
		{0B60AA2A-D805-4341-9A42-C15847BE2886}.Release|x64.ActiveCfg = Release|Any CPU
		{0B60AA2A-D805-4341-9A42-C15847BE2886}.Release|x86.ActiveCfg = Release|x86
		{0B60AA2A-D805-4341-9A42-C15847BE2886}.Release|x86.Build.0 = Release|x86
		{0B60AA2A-D805-4341-9A42-C15847BE2886}.Release|x86.Deploy.0 = Release|x86
		{4501A22D-672D-4E45-8488-53ED004E85F9}.Ad-Hoc|Any CPU.ActiveCfg = Ad-Hoc|iPhoneSimulator
		{4501A22D-672D-4E45-8488-53ED004E85F9}.Ad-Hoc|Any CPU.Build.0 = Ad-Hoc|iPhoneSimulator
		{4501A22D-672D-4E45-8488-53ED004E85F9}.Ad-Hoc|ARM.ActiveCfg = Ad-Hoc|iPhone
		{4501A22D-672D-4E45-8488-53ED004E85F9}.Ad-Hoc|x64.ActiveCfg = Ad-Hoc|iPhone
		{4501A22D-672D-4E45-8488-53ED004E85F9}.Ad-Hoc|x86.ActiveCfg = Ad-Hoc|iPhone
		{4501A22D-672D-4E45-8488-53ED004E85F9}.AppStore|Any CPU.ActiveCfg = AppStore|iPhone
		{4501A22D-672D-4E45-8488-53ED004E85F9}.AppStore|ARM.ActiveCfg = AppStore|iPhone
		{4501A22D-672D-4E45-8488-53ED004E85F9}.AppStore|x64.ActiveCfg = AppStore|iPhoneSimulator
		{4501A22D-672D-4E45-8488-53ED004E85F9}.AppStore|x86.ActiveCfg = AppStore|iPhoneSimulator
		{4501A22D-672D-4E45-8488-53ED004E85F9}.Debug|Any CPU.ActiveCfg = Debug|iPhoneSimulator
		{4501A22D-672D-4E45-8488-53ED004E85F9}.Debug|Any CPU.Build.0 = Debug|iPhoneSimulator
		{4501A22D-672D-4E45-8488-53ED004E85F9}.Debug|ARM.ActiveCfg = Debug|iPhone
		{4501A22D-672D-4E45-8488-53ED004E85F9}.Debug|x64.ActiveCfg = Debug|iPhone
		{4501A22D-672D-4E45-8488-53ED004E85F9}.Debug|x86.ActiveCfg = Debug|iPhone
		{4501A22D-672D-4E45-8488-53ED004E85F9}.Release|Any CPU.ActiveCfg = Release|iPhoneSimulator
		{4501A22D-672D-4E45-8488-53ED004E85F9}.Release|Any CPU.Build.0 = Release|iPhoneSimulator
		{4501A22D-672D-4E45-8488-53ED004E85F9}.Release|ARM.ActiveCfg = Release|iPhone
		{4501A22D-672D-4E45-8488-53ED004E85F9}.Release|x64.ActiveCfg = Release|iPhone
		{4501A22D-672D-4E45-8488-53ED004E85F9}.Release|x86.ActiveCfg = Release|iPhone
		{E215E870-A397-45E8-B48A-EF2818261E61}.Ad-Hoc|Any CPU.ActiveCfg = Release|Any CPU
		{E215E870-A397-45E8-B48A-EF2818261E61}.Ad-Hoc|Any CPU.Build.0 = Release|Any CPU
		{E215E870-A397-45E8-B48A-EF2818261E61}.Ad-Hoc|ARM.ActiveCfg = Release|Any CPU
		{E215E870-A397-45E8-B48A-EF2818261E61}.Ad-Hoc|x64.ActiveCfg = Debug|Any CPU
		{E215E870-A397-45E8-B48A-EF2818261E61}.Ad-Hoc|x86.ActiveCfg = Debug|Any CPU
		{E215E870-A397-45E8-B48A-EF2818261E61}.AppStore|Any CPU.ActiveCfg = Release|Any CPU
		{E215E870-A397-45E8-B48A-EF2818261E61}.AppStore|Any CPU.Build.0 = Release|Any CPU
		{E215E870-A397-45E8-B48A-EF2818261E61}.AppStore|ARM.ActiveCfg = Release|Any CPU
		{E215E870-A397-45E8-B48A-EF2818261E61}.AppStore|x64.ActiveCfg = Debug|Any CPU
		{E215E870-A397-45E8-B48A-EF2818261E61}.AppStore|x86.ActiveCfg = Debug|Any CPU
		{E215E870-A397-45E8-B48A-EF2818261E61}.Debug|Any CPU.ActiveCfg = Debug|Any CPU
		{E215E870-A397-45E8-B48A-EF2818261E61}.Debug|Any CPU.Build.0 = Debug|Any CPU
		{E215E870-A397-45E8-B48A-EF2818261E61}.Debug|ARM.ActiveCfg = Debug|Any CPU
		{E215E870-A397-45E8-B48A-EF2818261E61}.Debug|x64.ActiveCfg = Debug|Any CPU
		{E215E870-A397-45E8-B48A-EF2818261E61}.Debug|x86.ActiveCfg = Debug|Any CPU
		{E215E870-A397-45E8-B48A-EF2818261E61}.Release|Any CPU.ActiveCfg = Release|Any CPU
		{E215E870-A397-45E8-B48A-EF2818261E61}.Release|Any CPU.Build.0 = Release|Any CPU
		{E215E870-A397-45E8-B48A-EF2818261E61}.Release|ARM.ActiveCfg = Release|Any CPU
		{E215E870-A397-45E8-B48A-EF2818261E61}.Release|x64.ActiveCfg = Release|Any CPU
		{E215E870-A397-45E8-B48A-EF2818261E61}.Release|x86.ActiveCfg = Release|Any CPU
		{B2DBB6F9-147D-4B13-9843-9D340C666C0D}.Ad-Hoc|Any CPU.ActiveCfg = Release|Any CPU
		{B2DBB6F9-147D-4B13-9843-9D340C666C0D}.Ad-Hoc|Any CPU.Build.0 = Release|Any CPU
		{B2DBB6F9-147D-4B13-9843-9D340C666C0D}.Ad-Hoc|Any CPU.Deploy.0 = Release|Any CPU
		{B2DBB6F9-147D-4B13-9843-9D340C666C0D}.Ad-Hoc|ARM.ActiveCfg = Release|Any CPU
		{B2DBB6F9-147D-4B13-9843-9D340C666C0D}.Ad-Hoc|x64.ActiveCfg = Debug|Any CPU
		{B2DBB6F9-147D-4B13-9843-9D340C666C0D}.Ad-Hoc|x86.ActiveCfg = Debug|Any CPU
		{B2DBB6F9-147D-4B13-9843-9D340C666C0D}.AppStore|Any CPU.ActiveCfg = Release|Any CPU
		{B2DBB6F9-147D-4B13-9843-9D340C666C0D}.AppStore|Any CPU.Build.0 = Release|Any CPU
		{B2DBB6F9-147D-4B13-9843-9D340C666C0D}.AppStore|Any CPU.Deploy.0 = Release|Any CPU
		{B2DBB6F9-147D-4B13-9843-9D340C666C0D}.AppStore|ARM.ActiveCfg = Release|Any CPU
		{B2DBB6F9-147D-4B13-9843-9D340C666C0D}.AppStore|x64.ActiveCfg = Debug|Any CPU
		{B2DBB6F9-147D-4B13-9843-9D340C666C0D}.AppStore|x86.ActiveCfg = Debug|Any CPU
		{B2DBB6F9-147D-4B13-9843-9D340C666C0D}.Debug|Any CPU.ActiveCfg = Debug|Any CPU
		{B2DBB6F9-147D-4B13-9843-9D340C666C0D}.Debug|Any CPU.Build.0 = Debug|Any CPU
		{B2DBB6F9-147D-4B13-9843-9D340C666C0D}.Debug|Any CPU.Deploy.0 = Debug|Any CPU
		{B2DBB6F9-147D-4B13-9843-9D340C666C0D}.Debug|ARM.ActiveCfg = Debug|Any CPU
		{B2DBB6F9-147D-4B13-9843-9D340C666C0D}.Debug|x64.ActiveCfg = Debug|Any CPU
		{B2DBB6F9-147D-4B13-9843-9D340C666C0D}.Debug|x86.ActiveCfg = Debug|Any CPU
		{B2DBB6F9-147D-4B13-9843-9D340C666C0D}.Release|Any CPU.ActiveCfg = Release|Any CPU
		{B2DBB6F9-147D-4B13-9843-9D340C666C0D}.Release|Any CPU.Build.0 = Release|Any CPU
		{B2DBB6F9-147D-4B13-9843-9D340C666C0D}.Release|Any CPU.Deploy.0 = Release|Any CPU
		{B2DBB6F9-147D-4B13-9843-9D340C666C0D}.Release|ARM.ActiveCfg = Release|Any CPU
		{B2DBB6F9-147D-4B13-9843-9D340C666C0D}.Release|x64.ActiveCfg = Release|Any CPU
		{B2DBB6F9-147D-4B13-9843-9D340C666C0D}.Release|x86.ActiveCfg = Release|Any CPU
		{55E12770-9CA4-40A6-BB46-6E8F1F3BBF17}.Ad-Hoc|Any CPU.ActiveCfg = Ad-Hoc|iPhoneSimulator
		{55E12770-9CA4-40A6-BB46-6E8F1F3BBF17}.Ad-Hoc|Any CPU.Build.0 = Ad-Hoc|iPhoneSimulator
		{55E12770-9CA4-40A6-BB46-6E8F1F3BBF17}.Ad-Hoc|ARM.ActiveCfg = Ad-Hoc|iPhone
		{55E12770-9CA4-40A6-BB46-6E8F1F3BBF17}.Ad-Hoc|x64.ActiveCfg = Ad-Hoc|iPhone
		{55E12770-9CA4-40A6-BB46-6E8F1F3BBF17}.Ad-Hoc|x86.ActiveCfg = Ad-Hoc|iPhone
		{55E12770-9CA4-40A6-BB46-6E8F1F3BBF17}.AppStore|Any CPU.ActiveCfg = AppStore|iPhone
		{55E12770-9CA4-40A6-BB46-6E8F1F3BBF17}.AppStore|ARM.ActiveCfg = AppStore|iPhone
		{55E12770-9CA4-40A6-BB46-6E8F1F3BBF17}.AppStore|x64.ActiveCfg = AppStore|iPhoneSimulator
		{55E12770-9CA4-40A6-BB46-6E8F1F3BBF17}.AppStore|x86.ActiveCfg = AppStore|iPhoneSimulator
		{55E12770-9CA4-40A6-BB46-6E8F1F3BBF17}.Debug|Any CPU.ActiveCfg = Debug|iPhoneSimulator
		{55E12770-9CA4-40A6-BB46-6E8F1F3BBF17}.Debug|Any CPU.Build.0 = Debug|iPhoneSimulator
		{55E12770-9CA4-40A6-BB46-6E8F1F3BBF17}.Debug|ARM.ActiveCfg = Debug|iPhone
		{55E12770-9CA4-40A6-BB46-6E8F1F3BBF17}.Debug|x64.ActiveCfg = Debug|iPhone
		{55E12770-9CA4-40A6-BB46-6E8F1F3BBF17}.Debug|x86.ActiveCfg = Debug|iPhone
		{55E12770-9CA4-40A6-BB46-6E8F1F3BBF17}.Release|Any CPU.ActiveCfg = Release|iPhoneSimulator
		{55E12770-9CA4-40A6-BB46-6E8F1F3BBF17}.Release|Any CPU.Build.0 = Release|iPhoneSimulator
		{55E12770-9CA4-40A6-BB46-6E8F1F3BBF17}.Release|ARM.ActiveCfg = Release|iPhone
		{55E12770-9CA4-40A6-BB46-6E8F1F3BBF17}.Release|x64.ActiveCfg = Release|iPhone
		{55E12770-9CA4-40A6-BB46-6E8F1F3BBF17}.Release|x86.ActiveCfg = Release|iPhone
		{BD35C84C-7B0E-45EB-A9D9-7A16BE2CD391}.Ad-Hoc|Any CPU.ActiveCfg = Release|Any CPU
		{BD35C84C-7B0E-45EB-A9D9-7A16BE2CD391}.Ad-Hoc|Any CPU.Build.0 = Release|Any CPU
		{BD35C84C-7B0E-45EB-A9D9-7A16BE2CD391}.Ad-Hoc|Any CPU.Deploy.0 = Release|Any CPU
		{BD35C84C-7B0E-45EB-A9D9-7A16BE2CD391}.Ad-Hoc|ARM.ActiveCfg = Release|ARM
		{BD35C84C-7B0E-45EB-A9D9-7A16BE2CD391}.Ad-Hoc|ARM.Build.0 = Release|ARM
		{BD35C84C-7B0E-45EB-A9D9-7A16BE2CD391}.Ad-Hoc|ARM.Deploy.0 = Release|ARM
		{BD35C84C-7B0E-45EB-A9D9-7A16BE2CD391}.Ad-Hoc|x64.ActiveCfg = Debug|Any CPU
		{BD35C84C-7B0E-45EB-A9D9-7A16BE2CD391}.Ad-Hoc|x86.ActiveCfg = Release|x86
		{BD35C84C-7B0E-45EB-A9D9-7A16BE2CD391}.Ad-Hoc|x86.Build.0 = Release|x86
		{BD35C84C-7B0E-45EB-A9D9-7A16BE2CD391}.Ad-Hoc|x86.Deploy.0 = Release|x86
		{BD35C84C-7B0E-45EB-A9D9-7A16BE2CD391}.AppStore|Any CPU.ActiveCfg = Release|Any CPU
		{BD35C84C-7B0E-45EB-A9D9-7A16BE2CD391}.AppStore|Any CPU.Build.0 = Release|Any CPU
		{BD35C84C-7B0E-45EB-A9D9-7A16BE2CD391}.AppStore|Any CPU.Deploy.0 = Release|Any CPU
		{BD35C84C-7B0E-45EB-A9D9-7A16BE2CD391}.AppStore|ARM.ActiveCfg = Release|ARM
		{BD35C84C-7B0E-45EB-A9D9-7A16BE2CD391}.AppStore|ARM.Build.0 = Release|ARM
		{BD35C84C-7B0E-45EB-A9D9-7A16BE2CD391}.AppStore|ARM.Deploy.0 = Release|ARM
		{BD35C84C-7B0E-45EB-A9D9-7A16BE2CD391}.AppStore|x64.ActiveCfg = Debug|Any CPU
		{BD35C84C-7B0E-45EB-A9D9-7A16BE2CD391}.AppStore|x86.ActiveCfg = Release|x86
		{BD35C84C-7B0E-45EB-A9D9-7A16BE2CD391}.AppStore|x86.Build.0 = Release|x86
		{BD35C84C-7B0E-45EB-A9D9-7A16BE2CD391}.AppStore|x86.Deploy.0 = Release|x86
		{BD35C84C-7B0E-45EB-A9D9-7A16BE2CD391}.Debug|Any CPU.ActiveCfg = Debug|Any CPU
		{BD35C84C-7B0E-45EB-A9D9-7A16BE2CD391}.Debug|Any CPU.Build.0 = Debug|Any CPU
		{BD35C84C-7B0E-45EB-A9D9-7A16BE2CD391}.Debug|Any CPU.Deploy.0 = Debug|Any CPU
		{BD35C84C-7B0E-45EB-A9D9-7A16BE2CD391}.Debug|ARM.ActiveCfg = Debug|ARM
		{BD35C84C-7B0E-45EB-A9D9-7A16BE2CD391}.Debug|ARM.Build.0 = Debug|ARM
		{BD35C84C-7B0E-45EB-A9D9-7A16BE2CD391}.Debug|ARM.Deploy.0 = Debug|ARM
		{BD35C84C-7B0E-45EB-A9D9-7A16BE2CD391}.Debug|x64.ActiveCfg = Debug|Any CPU
		{BD35C84C-7B0E-45EB-A9D9-7A16BE2CD391}.Debug|x86.ActiveCfg = Debug|x86
		{BD35C84C-7B0E-45EB-A9D9-7A16BE2CD391}.Debug|x86.Build.0 = Debug|x86
		{BD35C84C-7B0E-45EB-A9D9-7A16BE2CD391}.Debug|x86.Deploy.0 = Debug|x86
		{BD35C84C-7B0E-45EB-A9D9-7A16BE2CD391}.Release|Any CPU.ActiveCfg = Release|Any CPU
		{BD35C84C-7B0E-45EB-A9D9-7A16BE2CD391}.Release|Any CPU.Build.0 = Release|Any CPU
		{BD35C84C-7B0E-45EB-A9D9-7A16BE2CD391}.Release|Any CPU.Deploy.0 = Release|Any CPU
		{BD35C84C-7B0E-45EB-A9D9-7A16BE2CD391}.Release|ARM.ActiveCfg = Release|ARM
		{BD35C84C-7B0E-45EB-A9D9-7A16BE2CD391}.Release|ARM.Build.0 = Release|ARM
		{BD35C84C-7B0E-45EB-A9D9-7A16BE2CD391}.Release|ARM.Deploy.0 = Release|ARM
		{BD35C84C-7B0E-45EB-A9D9-7A16BE2CD391}.Release|x64.ActiveCfg = Release|Any CPU
		{BD35C84C-7B0E-45EB-A9D9-7A16BE2CD391}.Release|x86.ActiveCfg = Release|x86
		{BD35C84C-7B0E-45EB-A9D9-7A16BE2CD391}.Release|x86.Build.0 = Release|x86
		{BD35C84C-7B0E-45EB-A9D9-7A16BE2CD391}.Release|x86.Deploy.0 = Release|x86
		{00D9C807-EC69-4308-9573-4248A4993D20}.Ad-Hoc|Any CPU.ActiveCfg = Release|Any CPU
		{00D9C807-EC69-4308-9573-4248A4993D20}.Ad-Hoc|Any CPU.Build.0 = Release|Any CPU
		{00D9C807-EC69-4308-9573-4248A4993D20}.Ad-Hoc|Any CPU.Deploy.0 = Release|Any CPU
		{00D9C807-EC69-4308-9573-4248A4993D20}.Ad-Hoc|ARM.ActiveCfg = Release|ARM
		{00D9C807-EC69-4308-9573-4248A4993D20}.Ad-Hoc|ARM.Build.0 = Release|ARM
		{00D9C807-EC69-4308-9573-4248A4993D20}.Ad-Hoc|ARM.Deploy.0 = Release|ARM
		{00D9C807-EC69-4308-9573-4248A4993D20}.Ad-Hoc|x64.ActiveCfg = Release|x64
		{00D9C807-EC69-4308-9573-4248A4993D20}.Ad-Hoc|x64.Build.0 = Release|x64
		{00D9C807-EC69-4308-9573-4248A4993D20}.Ad-Hoc|x64.Deploy.0 = Release|x64
		{00D9C807-EC69-4308-9573-4248A4993D20}.Ad-Hoc|x86.ActiveCfg = Release|x86
		{00D9C807-EC69-4308-9573-4248A4993D20}.Ad-Hoc|x86.Build.0 = Release|x86
		{00D9C807-EC69-4308-9573-4248A4993D20}.Ad-Hoc|x86.Deploy.0 = Release|x86
		{00D9C807-EC69-4308-9573-4248A4993D20}.AppStore|Any CPU.ActiveCfg = Release|Any CPU
		{00D9C807-EC69-4308-9573-4248A4993D20}.AppStore|Any CPU.Build.0 = Release|Any CPU
		{00D9C807-EC69-4308-9573-4248A4993D20}.AppStore|Any CPU.Deploy.0 = Release|Any CPU
		{00D9C807-EC69-4308-9573-4248A4993D20}.AppStore|ARM.ActiveCfg = Release|ARM
		{00D9C807-EC69-4308-9573-4248A4993D20}.AppStore|ARM.Build.0 = Release|ARM
		{00D9C807-EC69-4308-9573-4248A4993D20}.AppStore|ARM.Deploy.0 = Release|ARM
		{00D9C807-EC69-4308-9573-4248A4993D20}.AppStore|x64.ActiveCfg = Release|x64
		{00D9C807-EC69-4308-9573-4248A4993D20}.AppStore|x64.Build.0 = Release|x64
		{00D9C807-EC69-4308-9573-4248A4993D20}.AppStore|x64.Deploy.0 = Release|x64
		{00D9C807-EC69-4308-9573-4248A4993D20}.AppStore|x86.ActiveCfg = Release|x86
		{00D9C807-EC69-4308-9573-4248A4993D20}.AppStore|x86.Build.0 = Release|x86
		{00D9C807-EC69-4308-9573-4248A4993D20}.AppStore|x86.Deploy.0 = Release|x86
		{00D9C807-EC69-4308-9573-4248A4993D20}.Debug|Any CPU.ActiveCfg = Debug|Any CPU
		{00D9C807-EC69-4308-9573-4248A4993D20}.Debug|Any CPU.Build.0 = Debug|Any CPU
		{00D9C807-EC69-4308-9573-4248A4993D20}.Debug|Any CPU.Deploy.0 = Debug|Any CPU
		{00D9C807-EC69-4308-9573-4248A4993D20}.Debug|ARM.ActiveCfg = Debug|ARM
		{00D9C807-EC69-4308-9573-4248A4993D20}.Debug|ARM.Build.0 = Debug|ARM
		{00D9C807-EC69-4308-9573-4248A4993D20}.Debug|ARM.Deploy.0 = Debug|ARM
		{00D9C807-EC69-4308-9573-4248A4993D20}.Debug|x64.ActiveCfg = Debug|x64
		{00D9C807-EC69-4308-9573-4248A4993D20}.Debug|x64.Build.0 = Debug|x64
		{00D9C807-EC69-4308-9573-4248A4993D20}.Debug|x64.Deploy.0 = Debug|x64
		{00D9C807-EC69-4308-9573-4248A4993D20}.Debug|x86.ActiveCfg = Debug|x86
		{00D9C807-EC69-4308-9573-4248A4993D20}.Debug|x86.Build.0 = Debug|x86
		{00D9C807-EC69-4308-9573-4248A4993D20}.Debug|x86.Deploy.0 = Debug|x86
		{00D9C807-EC69-4308-9573-4248A4993D20}.Release|Any CPU.ActiveCfg = Release|Any CPU
		{00D9C807-EC69-4308-9573-4248A4993D20}.Release|Any CPU.Build.0 = Release|Any CPU
		{00D9C807-EC69-4308-9573-4248A4993D20}.Release|Any CPU.Deploy.0 = Release|Any CPU
		{00D9C807-EC69-4308-9573-4248A4993D20}.Release|ARM.ActiveCfg = Release|ARM
		{00D9C807-EC69-4308-9573-4248A4993D20}.Release|ARM.Build.0 = Release|ARM
		{00D9C807-EC69-4308-9573-4248A4993D20}.Release|ARM.Deploy.0 = Release|ARM
		{00D9C807-EC69-4308-9573-4248A4993D20}.Release|x64.ActiveCfg = Release|x64
		{00D9C807-EC69-4308-9573-4248A4993D20}.Release|x64.Build.0 = Release|x64
		{00D9C807-EC69-4308-9573-4248A4993D20}.Release|x64.Deploy.0 = Release|x64
		{00D9C807-EC69-4308-9573-4248A4993D20}.Release|x86.ActiveCfg = Release|x86
		{00D9C807-EC69-4308-9573-4248A4993D20}.Release|x86.Build.0 = Release|x86
		{00D9C807-EC69-4308-9573-4248A4993D20}.Release|x86.Deploy.0 = Release|x86
		{2D3F862C-ABBB-4A20-851A-14382214AD6F}.Ad-Hoc|Any CPU.ActiveCfg = Release|Any CPU
		{2D3F862C-ABBB-4A20-851A-14382214AD6F}.Ad-Hoc|Any CPU.Build.0 = Release|Any CPU
		{2D3F862C-ABBB-4A20-851A-14382214AD6F}.Ad-Hoc|Any CPU.Deploy.0 = Release|Any CPU
		{2D3F862C-ABBB-4A20-851A-14382214AD6F}.Ad-Hoc|ARM.ActiveCfg = Release|ARM
		{2D3F862C-ABBB-4A20-851A-14382214AD6F}.Ad-Hoc|ARM.Build.0 = Release|ARM
		{2D3F862C-ABBB-4A20-851A-14382214AD6F}.Ad-Hoc|ARM.Deploy.0 = Release|ARM
		{2D3F862C-ABBB-4A20-851A-14382214AD6F}.Ad-Hoc|x64.ActiveCfg = Release|Any CPU
		{2D3F862C-ABBB-4A20-851A-14382214AD6F}.Ad-Hoc|x86.ActiveCfg = Release|x86
		{2D3F862C-ABBB-4A20-851A-14382214AD6F}.Ad-Hoc|x86.Build.0 = Release|x86
		{2D3F862C-ABBB-4A20-851A-14382214AD6F}.Ad-Hoc|x86.Deploy.0 = Release|x86
		{2D3F862C-ABBB-4A20-851A-14382214AD6F}.AppStore|Any CPU.ActiveCfg = Release|Any CPU
		{2D3F862C-ABBB-4A20-851A-14382214AD6F}.AppStore|Any CPU.Build.0 = Release|Any CPU
		{2D3F862C-ABBB-4A20-851A-14382214AD6F}.AppStore|Any CPU.Deploy.0 = Release|Any CPU
		{2D3F862C-ABBB-4A20-851A-14382214AD6F}.AppStore|ARM.ActiveCfg = Release|ARM
		{2D3F862C-ABBB-4A20-851A-14382214AD6F}.AppStore|ARM.Build.0 = Release|ARM
		{2D3F862C-ABBB-4A20-851A-14382214AD6F}.AppStore|ARM.Deploy.0 = Release|ARM
		{2D3F862C-ABBB-4A20-851A-14382214AD6F}.AppStore|x64.ActiveCfg = Release|Any CPU
		{2D3F862C-ABBB-4A20-851A-14382214AD6F}.AppStore|x86.ActiveCfg = Release|x86
		{2D3F862C-ABBB-4A20-851A-14382214AD6F}.AppStore|x86.Build.0 = Release|x86
		{2D3F862C-ABBB-4A20-851A-14382214AD6F}.AppStore|x86.Deploy.0 = Release|x86
		{2D3F862C-ABBB-4A20-851A-14382214AD6F}.Debug|Any CPU.ActiveCfg = Debug|Any CPU
		{2D3F862C-ABBB-4A20-851A-14382214AD6F}.Debug|Any CPU.Build.0 = Debug|Any CPU
		{2D3F862C-ABBB-4A20-851A-14382214AD6F}.Debug|Any CPU.Deploy.0 = Debug|Any CPU
		{2D3F862C-ABBB-4A20-851A-14382214AD6F}.Debug|ARM.ActiveCfg = Debug|ARM
		{2D3F862C-ABBB-4A20-851A-14382214AD6F}.Debug|ARM.Build.0 = Debug|ARM
		{2D3F862C-ABBB-4A20-851A-14382214AD6F}.Debug|ARM.Deploy.0 = Debug|ARM
		{2D3F862C-ABBB-4A20-851A-14382214AD6F}.Debug|x64.ActiveCfg = Debug|Any CPU
		{2D3F862C-ABBB-4A20-851A-14382214AD6F}.Debug|x86.ActiveCfg = Debug|x86
		{2D3F862C-ABBB-4A20-851A-14382214AD6F}.Debug|x86.Build.0 = Debug|x86
		{2D3F862C-ABBB-4A20-851A-14382214AD6F}.Debug|x86.Deploy.0 = Debug|x86
		{2D3F862C-ABBB-4A20-851A-14382214AD6F}.Release|Any CPU.ActiveCfg = Release|Any CPU
		{2D3F862C-ABBB-4A20-851A-14382214AD6F}.Release|Any CPU.Build.0 = Release|Any CPU
		{2D3F862C-ABBB-4A20-851A-14382214AD6F}.Release|Any CPU.Deploy.0 = Release|Any CPU
		{2D3F862C-ABBB-4A20-851A-14382214AD6F}.Release|ARM.ActiveCfg = Release|ARM
		{2D3F862C-ABBB-4A20-851A-14382214AD6F}.Release|ARM.Build.0 = Release|ARM
		{2D3F862C-ABBB-4A20-851A-14382214AD6F}.Release|ARM.Deploy.0 = Release|ARM
		{2D3F862C-ABBB-4A20-851A-14382214AD6F}.Release|x64.ActiveCfg = Release|Any CPU
		{2D3F862C-ABBB-4A20-851A-14382214AD6F}.Release|x86.ActiveCfg = Release|x86
		{2D3F862C-ABBB-4A20-851A-14382214AD6F}.Release|x86.Build.0 = Release|x86
		{2D3F862C-ABBB-4A20-851A-14382214AD6F}.Release|x86.Deploy.0 = Release|x86
		{C5361753-C400-406A-99AF-E32E9C1278AF}.Ad-Hoc|Any CPU.ActiveCfg = Release|x86
		{C5361753-C400-406A-99AF-E32E9C1278AF}.Ad-Hoc|Any CPU.Build.0 = Release|x86
		{C5361753-C400-406A-99AF-E32E9C1278AF}.Ad-Hoc|Any CPU.Deploy.0 = Release|x86
		{C5361753-C400-406A-99AF-E32E9C1278AF}.Ad-Hoc|ARM.ActiveCfg = Release|ARM
		{C5361753-C400-406A-99AF-E32E9C1278AF}.Ad-Hoc|ARM.Build.0 = Release|ARM
		{C5361753-C400-406A-99AF-E32E9C1278AF}.Ad-Hoc|ARM.Deploy.0 = Release|ARM
		{C5361753-C400-406A-99AF-E32E9C1278AF}.Ad-Hoc|x64.ActiveCfg = Release|x64
		{C5361753-C400-406A-99AF-E32E9C1278AF}.Ad-Hoc|x64.Build.0 = Release|x64
		{C5361753-C400-406A-99AF-E32E9C1278AF}.Ad-Hoc|x64.Deploy.0 = Release|x64
		{C5361753-C400-406A-99AF-E32E9C1278AF}.Ad-Hoc|x86.ActiveCfg = Release|x86
		{C5361753-C400-406A-99AF-E32E9C1278AF}.Ad-Hoc|x86.Build.0 = Release|x86
		{C5361753-C400-406A-99AF-E32E9C1278AF}.Ad-Hoc|x86.Deploy.0 = Release|x86
		{C5361753-C400-406A-99AF-E32E9C1278AF}.AppStore|Any CPU.ActiveCfg = Release|x86
		{C5361753-C400-406A-99AF-E32E9C1278AF}.AppStore|Any CPU.Build.0 = Release|x86
		{C5361753-C400-406A-99AF-E32E9C1278AF}.AppStore|Any CPU.Deploy.0 = Release|x86
		{C5361753-C400-406A-99AF-E32E9C1278AF}.AppStore|ARM.ActiveCfg = Release|ARM
		{C5361753-C400-406A-99AF-E32E9C1278AF}.AppStore|ARM.Build.0 = Release|ARM
		{C5361753-C400-406A-99AF-E32E9C1278AF}.AppStore|ARM.Deploy.0 = Release|ARM
		{C5361753-C400-406A-99AF-E32E9C1278AF}.AppStore|x64.ActiveCfg = Release|x64
		{C5361753-C400-406A-99AF-E32E9C1278AF}.AppStore|x64.Build.0 = Release|x64
		{C5361753-C400-406A-99AF-E32E9C1278AF}.AppStore|x64.Deploy.0 = Release|x64
		{C5361753-C400-406A-99AF-E32E9C1278AF}.AppStore|x86.ActiveCfg = Release|x86
		{C5361753-C400-406A-99AF-E32E9C1278AF}.AppStore|x86.Build.0 = Release|x86
		{C5361753-C400-406A-99AF-E32E9C1278AF}.AppStore|x86.Deploy.0 = Release|x86
		{C5361753-C400-406A-99AF-E32E9C1278AF}.Debug|Any CPU.ActiveCfg = Debug|x86
		{C5361753-C400-406A-99AF-E32E9C1278AF}.Debug|Any CPU.Build.0 = Debug|x86
		{C5361753-C400-406A-99AF-E32E9C1278AF}.Debug|Any CPU.Deploy.0 = Debug|x86
		{C5361753-C400-406A-99AF-E32E9C1278AF}.Debug|ARM.ActiveCfg = Debug|ARM
		{C5361753-C400-406A-99AF-E32E9C1278AF}.Debug|ARM.Build.0 = Debug|ARM
		{C5361753-C400-406A-99AF-E32E9C1278AF}.Debug|ARM.Deploy.0 = Debug|ARM
		{C5361753-C400-406A-99AF-E32E9C1278AF}.Debug|x64.ActiveCfg = Debug|x64
		{C5361753-C400-406A-99AF-E32E9C1278AF}.Debug|x64.Build.0 = Debug|x64
		{C5361753-C400-406A-99AF-E32E9C1278AF}.Debug|x64.Deploy.0 = Debug|x64
		{C5361753-C400-406A-99AF-E32E9C1278AF}.Debug|x86.ActiveCfg = Debug|x86
		{C5361753-C400-406A-99AF-E32E9C1278AF}.Debug|x86.Build.0 = Debug|x86
		{C5361753-C400-406A-99AF-E32E9C1278AF}.Debug|x86.Deploy.0 = Debug|x86
		{C5361753-C400-406A-99AF-E32E9C1278AF}.Release|Any CPU.ActiveCfg = Release|x86
		{C5361753-C400-406A-99AF-E32E9C1278AF}.Release|Any CPU.Build.0 = Release|x86
		{C5361753-C400-406A-99AF-E32E9C1278AF}.Release|Any CPU.Deploy.0 = Release|x86
		{C5361753-C400-406A-99AF-E32E9C1278AF}.Release|ARM.ActiveCfg = Release|ARM
		{C5361753-C400-406A-99AF-E32E9C1278AF}.Release|ARM.Build.0 = Release|ARM
		{C5361753-C400-406A-99AF-E32E9C1278AF}.Release|ARM.Deploy.0 = Release|ARM
		{C5361753-C400-406A-99AF-E32E9C1278AF}.Release|x64.ActiveCfg = Release|x64
		{C5361753-C400-406A-99AF-E32E9C1278AF}.Release|x64.Build.0 = Release|x64
		{C5361753-C400-406A-99AF-E32E9C1278AF}.Release|x64.Deploy.0 = Release|x64
		{C5361753-C400-406A-99AF-E32E9C1278AF}.Release|x86.ActiveCfg = Release|x86
		{C5361753-C400-406A-99AF-E32E9C1278AF}.Release|x86.Build.0 = Release|x86
		{C5361753-C400-406A-99AF-E32E9C1278AF}.Release|x86.Deploy.0 = Release|x86
	EndGlobalSection
	GlobalSection(SolutionProperties) = preSolution
		HideSolutionNode = FALSE
	EndGlobalSection
	GlobalSection(NestedProjects) = preSolution
		{499359B5-8643-400C-99A8-395DD7612C37} = {C66F20EC-6FA9-45DC-9D23-179449F5B366}
		{CAF4725E-9689-4F0A-AE72-648594CE0CCB} = {C66F20EC-6FA9-45DC-9D23-179449F5B366}
		{726D9D8C-B19A-4472-B0C5-505B5FB4E7BD} = {C66F20EC-6FA9-45DC-9D23-179449F5B366}
		{E215E870-A397-45E8-B48A-EF2818261E61} = {D0F6BF14-0A0F-4C02-B290-4E4F049F940F}
		{B2DBB6F9-147D-4B13-9843-9D340C666C0D} = {D0F6BF14-0A0F-4C02-B290-4E4F049F940F}
		{55E12770-9CA4-40A6-BB46-6E8F1F3BBF17} = {D0F6BF14-0A0F-4C02-B290-4E4F049F940F}
		{BD35C84C-7B0E-45EB-A9D9-7A16BE2CD391} = {D0F6BF14-0A0F-4C02-B290-4E4F049F940F}
		{00D9C807-EC69-4308-9573-4248A4993D20} = {D0F6BF14-0A0F-4C02-B290-4E4F049F940F}
		{2D3F862C-ABBB-4A20-851A-14382214AD6F} = {D0F6BF14-0A0F-4C02-B290-4E4F049F940F}
	EndGlobalSection
EndGlobal
