
Microsoft Visual Studio Solution File, Format Version 12.00
# Visual Studio 14
VisualStudioVersion = 14.0.23107.0
MinimumVisualStudioVersion = 10.0.40219.1
Project("{FAE04EC0-301F-11D3-BF4B-00C04F79EFBC}") = "OrderManager.Portable", "OrderManager.Portable\OrderManager.Portable.csproj", "{068EC021-96C0-40CB-860B-A46043C2D803}"
EndProject
Project("{FAE04EC0-301F-11D3-BF4B-00C04F79EFBC}") = "OrderManager.Wpf", "OrderManager.Wpf\OrderManager.Wpf.csproj", "{CADD0E5B-1549-4D0D-80DC-3F3CA6C2B605}"
EndProject
Project("{FAE04EC0-301F-11D3-BF4B-00C04F79EFBC}") = "OrderManager.Android", "OrderManager.Android\OrderManager.Android.csproj", "{AEB88521-2740-47BA-B083-44AA7A9FF71C}"
EndProject
Project("{FAE04EC0-301F-11D3-BF4B-00C04F79EFBC}") = "OrderManager.WinForms", "OrderManager.WinForms\OrderManager.WinForms.csproj", "{F8B1CEB7-3A87-4237-90AF-ACD54EB19B77}"
EndProject
Project("{FAE04EC0-301F-11D3-BF4B-00C04F79EFBC}") = "OrderManager.WindowsPhone", "OrderManager.WindowsPhone\OrderManager.WindowsPhone.csproj", "{F731C003-7B9A-4F3A-8BA5-2B651C3F9190}"
EndProject
Project("{2150E333-8FDC-42A3-9474-1A3956D46DE8}") = "UniversalApp", "UniversalApp", "{7E86EDC5-78D6-4345-A6CC-943AD15DE28A}"
EndProject
Project("{D954291E-2A0B-460D-934E-DC6B0785DB48}") = "OrderManager.Shared", "UniversalApp\OrderManager.Shared\OrderManager.Shared.shproj", "{3F87C7EE-5588-4A81-927F-B32FEBFDB700}"
EndProject
Project("{FAE04EC0-301F-11D3-BF4B-00C04F79EFBC}") = "OrderManager.Windows", "UniversalApp\OrderManager.Windows\OrderManager.Windows.csproj", "{C43A16A2-C01A-4DE4-952D-999A9883271B}"
EndProject
Project("{FAE04EC0-301F-11D3-BF4B-00C04F79EFBC}") = "OrderManager.WindowsPhone", "UniversalApp\OrderManager.WindowsPhone\OrderManager.WindowsPhone.csproj", "{B5697ED4-00EF-4661-9D75-A4C4071ECEA3}"
EndProject
Project("{FAE04EC0-301F-11D3-BF4B-00C04F79EFBC}") = "OrderManager.Tests", "OrderManager.Tests\OrderManager.Tests.csproj", "{B6569686-40DD-42CB-B9BB-E11AAB923634}"
EndProject
Project("{2150E333-8FDC-42A3-9474-1A3956D46DE8}") = ".nuget", ".nuget", "{9C5B21EC-3131-433E-86C4-963E4332C6A2}"
	ProjectSection(SolutionItems) = preProject
		.nuget\NuGet.Config = .nuget\NuGet.Config
		.nuget\NuGet.exe = .nuget\NuGet.exe
		.nuget\NuGet.targets = .nuget\NuGet.targets
	EndProjectSection
EndProject
Project("{FAE04EC0-301F-11D3-BF4B-00C04F79EFBC}") = "OrderManager.Touch", "OrderManager.Touch\OrderManager.Touch.csproj", "{57C9A200-C145-43FF-BF2B-0F6525C41B72}"
EndProject
Project("{2150E333-8FDC-42A3-9474-1A3956D46DE8}") = "Xamarin.Forms", "Xamarin.Forms", "{C539CDF6-6E17-444E-A494-6BC46B6DD907}"
EndProject
Project("{FAE04EC0-301F-11D3-BF4B-00C04F79EFBC}") = "OrderManager", "OrderManager\OrderManager\OrderManager.csproj", "{2C1F15BD-5FD5-41F7-8366-C27820589722}"
EndProject
Project("{FAE04EC0-301F-11D3-BF4B-00C04F79EFBC}") = "OrderManager.iOS", "OrderManager\OrderManager.iOS\OrderManager.iOS.csproj", "{C728007E-A676-4F43-A4BC-CCA08D8D6EEE}"
EndProject
Project("{FAE04EC0-301F-11D3-BF4B-00C04F79EFBC}") = "OrderManager.Android", "OrderManager\OrderManager.Android\OrderManager.Android.csproj", "{02AC06E5-CF13-469E-A91D-12105B711670}"
EndProject
Project("{FAE04EC0-301F-11D3-BF4B-00C04F79EFBC}") = "OrderManager.WinPhone", "OrderManager\OrderManager.WinPhone\OrderManager.WinPhone.csproj", "{1C97D25B-C1B1-422E-BA66-81E920F5EF14}"
EndProject
Project("{FAE04EC0-301F-11D3-BF4B-00C04F79EFBC}") = "OrderManager.WinRT.Phone", "OrderManager\OrderManager.WinRT.Phone\OrderManager.WinRT.Phone.csproj", "{FF9DC9B9-D59D-4CC4-A704-29684F747916}"
EndProject
Project("{FAE04EC0-301F-11D3-BF4B-00C04F79EFBC}") = "OrderManager.WinRT", "OrderManager\OrderManager.WinRT\OrderManager.WinRT.csproj", "{4132B9E8-46DE-4541-AB20-EE26A57DD0D5}"
EndProject
Project("{FAE04EC0-301F-11D3-BF4B-00C04F79EFBC}") = "OrderManager.WinRT", "OrderManager.WinRT\OrderManager.WinRT.csproj", "{66B4A52C-AF2A-4594-80A0-568243624A45}"
EndProject
Global
	GlobalSection(SharedMSBuildProjectFiles) = preSolution
		UniversalApp\OrderManager.Shared\OrderManager.Shared.projitems*{c43a16a2-c01a-4de4-952d-999a9883271b}*SharedItemsImports = 4
		UniversalApp\OrderManager.Shared\OrderManager.Shared.projitems*{3f87c7ee-5588-4a81-927f-b32febfdb700}*SharedItemsImports = 13
		UniversalApp\OrderManager.Shared\OrderManager.Shared.projitems*{b5697ed4-00ef-4661-9d75-a4c4071ecea3}*SharedItemsImports = 4
	EndGlobalSection
	GlobalSection(SolutionConfigurationPlatforms) = preSolution
		Ad-Hoc|Any CPU = Ad-Hoc|Any CPU
		Ad-Hoc|ARM = Ad-Hoc|ARM
		Ad-Hoc|iPhone = Ad-Hoc|iPhone
		Ad-Hoc|Mixed Platforms = Ad-Hoc|Mixed Platforms
		Ad-Hoc|x64 = Ad-Hoc|x64
		Ad-Hoc|x86 = Ad-Hoc|x86
		AppStore|Any CPU = AppStore|Any CPU
		AppStore|ARM = AppStore|ARM
		AppStore|iPhone = AppStore|iPhone
		AppStore|Mixed Platforms = AppStore|Mixed Platforms
		AppStore|x64 = AppStore|x64
		AppStore|x86 = AppStore|x86
		Debug|Any CPU = Debug|Any CPU
		Debug|ARM = Debug|ARM
		Debug|iPhone = Debug|iPhone
		Debug|Mixed Platforms = Debug|Mixed Platforms
		Debug|x64 = Debug|x64
		Debug|x86 = Debug|x86
		Release|Any CPU = Release|Any CPU
		Release|ARM = Release|ARM
		Release|iPhone = Release|iPhone
		Release|Mixed Platforms = Release|Mixed Platforms
		Release|x64 = Release|x64
		Release|x86 = Release|x86
	EndGlobalSection
	GlobalSection(ProjectConfigurationPlatforms) = postSolution
		{068EC021-96C0-40CB-860B-A46043C2D803}.Ad-Hoc|Any CPU.ActiveCfg = Release|Any CPU
		{068EC021-96C0-40CB-860B-A46043C2D803}.Ad-Hoc|Any CPU.Build.0 = Release|Any CPU
		{068EC021-96C0-40CB-860B-A46043C2D803}.Ad-Hoc|ARM.ActiveCfg = Release|Any CPU
		{068EC021-96C0-40CB-860B-A46043C2D803}.Ad-Hoc|iPhone.ActiveCfg = Release|Any CPU
		{068EC021-96C0-40CB-860B-A46043C2D803}.Ad-Hoc|Mixed Platforms.ActiveCfg = Debug|Any CPU
		{068EC021-96C0-40CB-860B-A46043C2D803}.Ad-Hoc|Mixed Platforms.Build.0 = Debug|Any CPU
		{068EC021-96C0-40CB-860B-A46043C2D803}.Ad-Hoc|x64.ActiveCfg = Debug|Any CPU
		{068EC021-96C0-40CB-860B-A46043C2D803}.Ad-Hoc|x86.ActiveCfg = Debug|Any CPU
		{068EC021-96C0-40CB-860B-A46043C2D803}.AppStore|Any CPU.ActiveCfg = Release|Any CPU
		{068EC021-96C0-40CB-860B-A46043C2D803}.AppStore|Any CPU.Build.0 = Release|Any CPU
		{068EC021-96C0-40CB-860B-A46043C2D803}.AppStore|ARM.ActiveCfg = Release|Any CPU
		{068EC021-96C0-40CB-860B-A46043C2D803}.AppStore|iPhone.ActiveCfg = Release|Any CPU
		{068EC021-96C0-40CB-860B-A46043C2D803}.AppStore|Mixed Platforms.ActiveCfg = Debug|Any CPU
		{068EC021-96C0-40CB-860B-A46043C2D803}.AppStore|Mixed Platforms.Build.0 = Debug|Any CPU
		{068EC021-96C0-40CB-860B-A46043C2D803}.AppStore|x64.ActiveCfg = Debug|Any CPU
		{068EC021-96C0-40CB-860B-A46043C2D803}.AppStore|x86.ActiveCfg = Debug|Any CPU
		{068EC021-96C0-40CB-860B-A46043C2D803}.Debug|Any CPU.ActiveCfg = Debug|Any CPU
		{068EC021-96C0-40CB-860B-A46043C2D803}.Debug|Any CPU.Build.0 = Debug|Any CPU
		{068EC021-96C0-40CB-860B-A46043C2D803}.Debug|ARM.ActiveCfg = Debug|Any CPU
		{068EC021-96C0-40CB-860B-A46043C2D803}.Debug|iPhone.ActiveCfg = Debug|Any CPU
		{068EC021-96C0-40CB-860B-A46043C2D803}.Debug|Mixed Platforms.ActiveCfg = Debug|Any CPU
		{068EC021-96C0-40CB-860B-A46043C2D803}.Debug|Mixed Platforms.Build.0 = Debug|Any CPU
		{068EC021-96C0-40CB-860B-A46043C2D803}.Debug|x64.ActiveCfg = Debug|Any CPU
		{068EC021-96C0-40CB-860B-A46043C2D803}.Debug|x86.ActiveCfg = Debug|Any CPU
		{068EC021-96C0-40CB-860B-A46043C2D803}.Release|Any CPU.ActiveCfg = Release|Any CPU
		{068EC021-96C0-40CB-860B-A46043C2D803}.Release|Any CPU.Build.0 = Release|Any CPU
		{068EC021-96C0-40CB-860B-A46043C2D803}.Release|ARM.ActiveCfg = Release|Any CPU
		{068EC021-96C0-40CB-860B-A46043C2D803}.Release|iPhone.ActiveCfg = Release|Any CPU
		{068EC021-96C0-40CB-860B-A46043C2D803}.Release|Mixed Platforms.ActiveCfg = Release|Any CPU
		{068EC021-96C0-40CB-860B-A46043C2D803}.Release|Mixed Platforms.Build.0 = Release|Any CPU
		{068EC021-96C0-40CB-860B-A46043C2D803}.Release|x64.ActiveCfg = Release|Any CPU
		{068EC021-96C0-40CB-860B-A46043C2D803}.Release|x86.ActiveCfg = Release|Any CPU
		{CADD0E5B-1549-4D0D-80DC-3F3CA6C2B605}.Ad-Hoc|Any CPU.ActiveCfg = Release|Any CPU
		{CADD0E5B-1549-4D0D-80DC-3F3CA6C2B605}.Ad-Hoc|Any CPU.Build.0 = Release|Any CPU
		{CADD0E5B-1549-4D0D-80DC-3F3CA6C2B605}.Ad-Hoc|ARM.ActiveCfg = Release|Any CPU
		{CADD0E5B-1549-4D0D-80DC-3F3CA6C2B605}.Ad-Hoc|iPhone.ActiveCfg = Release|Any CPU
		{CADD0E5B-1549-4D0D-80DC-3F3CA6C2B605}.Ad-Hoc|Mixed Platforms.ActiveCfg = Debug|Any CPU
		{CADD0E5B-1549-4D0D-80DC-3F3CA6C2B605}.Ad-Hoc|Mixed Platforms.Build.0 = Debug|Any CPU
		{CADD0E5B-1549-4D0D-80DC-3F3CA6C2B605}.Ad-Hoc|x64.ActiveCfg = Debug|Any CPU
		{CADD0E5B-1549-4D0D-80DC-3F3CA6C2B605}.Ad-Hoc|x86.ActiveCfg = Debug|Any CPU
		{CADD0E5B-1549-4D0D-80DC-3F3CA6C2B605}.AppStore|Any CPU.ActiveCfg = Release|Any CPU
		{CADD0E5B-1549-4D0D-80DC-3F3CA6C2B605}.AppStore|Any CPU.Build.0 = Release|Any CPU
		{CADD0E5B-1549-4D0D-80DC-3F3CA6C2B605}.AppStore|ARM.ActiveCfg = Release|Any CPU
		{CADD0E5B-1549-4D0D-80DC-3F3CA6C2B605}.AppStore|iPhone.ActiveCfg = Release|Any CPU
		{CADD0E5B-1549-4D0D-80DC-3F3CA6C2B605}.AppStore|Mixed Platforms.ActiveCfg = Debug|Any CPU
		{CADD0E5B-1549-4D0D-80DC-3F3CA6C2B605}.AppStore|Mixed Platforms.Build.0 = Debug|Any CPU
		{CADD0E5B-1549-4D0D-80DC-3F3CA6C2B605}.AppStore|x64.ActiveCfg = Debug|Any CPU
		{CADD0E5B-1549-4D0D-80DC-3F3CA6C2B605}.AppStore|x86.ActiveCfg = Debug|Any CPU
		{CADD0E5B-1549-4D0D-80DC-3F3CA6C2B605}.Debug|Any CPU.ActiveCfg = Debug|Any CPU
		{CADD0E5B-1549-4D0D-80DC-3F3CA6C2B605}.Debug|Any CPU.Build.0 = Debug|Any CPU
		{CADD0E5B-1549-4D0D-80DC-3F3CA6C2B605}.Debug|ARM.ActiveCfg = Debug|Any CPU
		{CADD0E5B-1549-4D0D-80DC-3F3CA6C2B605}.Debug|iPhone.ActiveCfg = Debug|Any CPU
		{CADD0E5B-1549-4D0D-80DC-3F3CA6C2B605}.Debug|Mixed Platforms.ActiveCfg = Debug|Any CPU
		{CADD0E5B-1549-4D0D-80DC-3F3CA6C2B605}.Debug|Mixed Platforms.Build.0 = Debug|Any CPU
		{CADD0E5B-1549-4D0D-80DC-3F3CA6C2B605}.Debug|x64.ActiveCfg = Debug|Any CPU
		{CADD0E5B-1549-4D0D-80DC-3F3CA6C2B605}.Debug|x86.ActiveCfg = Debug|Any CPU
		{CADD0E5B-1549-4D0D-80DC-3F3CA6C2B605}.Release|Any CPU.ActiveCfg = Release|Any CPU
		{CADD0E5B-1549-4D0D-80DC-3F3CA6C2B605}.Release|Any CPU.Build.0 = Release|Any CPU
		{CADD0E5B-1549-4D0D-80DC-3F3CA6C2B605}.Release|ARM.ActiveCfg = Release|Any CPU
		{CADD0E5B-1549-4D0D-80DC-3F3CA6C2B605}.Release|iPhone.ActiveCfg = Release|Any CPU
		{CADD0E5B-1549-4D0D-80DC-3F3CA6C2B605}.Release|Mixed Platforms.ActiveCfg = Release|Any CPU
		{CADD0E5B-1549-4D0D-80DC-3F3CA6C2B605}.Release|Mixed Platforms.Build.0 = Release|Any CPU
		{CADD0E5B-1549-4D0D-80DC-3F3CA6C2B605}.Release|x64.ActiveCfg = Release|Any CPU
		{CADD0E5B-1549-4D0D-80DC-3F3CA6C2B605}.Release|x86.ActiveCfg = Release|Any CPU
		{AEB88521-2740-47BA-B083-44AA7A9FF71C}.Ad-Hoc|Any CPU.ActiveCfg = Release|Any CPU
		{AEB88521-2740-47BA-B083-44AA7A9FF71C}.Ad-Hoc|Any CPU.Build.0 = Release|Any CPU
		{AEB88521-2740-47BA-B083-44AA7A9FF71C}.Ad-Hoc|Any CPU.Deploy.0 = Release|Any CPU
		{AEB88521-2740-47BA-B083-44AA7A9FF71C}.Ad-Hoc|ARM.ActiveCfg = Release|Any CPU
		{AEB88521-2740-47BA-B083-44AA7A9FF71C}.Ad-Hoc|iPhone.ActiveCfg = Release|Any CPU
		{AEB88521-2740-47BA-B083-44AA7A9FF71C}.Ad-Hoc|Mixed Platforms.ActiveCfg = Debug|Any CPU
		{AEB88521-2740-47BA-B083-44AA7A9FF71C}.Ad-Hoc|Mixed Platforms.Build.0 = Debug|Any CPU
		{AEB88521-2740-47BA-B083-44AA7A9FF71C}.Ad-Hoc|Mixed Platforms.Deploy.0 = Debug|Any CPU
		{AEB88521-2740-47BA-B083-44AA7A9FF71C}.Ad-Hoc|x64.ActiveCfg = Debug|Any CPU
		{AEB88521-2740-47BA-B083-44AA7A9FF71C}.Ad-Hoc|x86.ActiveCfg = Debug|Any CPU
		{AEB88521-2740-47BA-B083-44AA7A9FF71C}.AppStore|Any CPU.ActiveCfg = Release|Any CPU
		{AEB88521-2740-47BA-B083-44AA7A9FF71C}.AppStore|Any CPU.Build.0 = Release|Any CPU
		{AEB88521-2740-47BA-B083-44AA7A9FF71C}.AppStore|Any CPU.Deploy.0 = Release|Any CPU
		{AEB88521-2740-47BA-B083-44AA7A9FF71C}.AppStore|ARM.ActiveCfg = Release|Any CPU
		{AEB88521-2740-47BA-B083-44AA7A9FF71C}.AppStore|iPhone.ActiveCfg = Release|Any CPU
		{AEB88521-2740-47BA-B083-44AA7A9FF71C}.AppStore|Mixed Platforms.ActiveCfg = Debug|Any CPU
		{AEB88521-2740-47BA-B083-44AA7A9FF71C}.AppStore|Mixed Platforms.Build.0 = Debug|Any CPU
		{AEB88521-2740-47BA-B083-44AA7A9FF71C}.AppStore|Mixed Platforms.Deploy.0 = Debug|Any CPU
		{AEB88521-2740-47BA-B083-44AA7A9FF71C}.AppStore|x64.ActiveCfg = Debug|Any CPU
		{AEB88521-2740-47BA-B083-44AA7A9FF71C}.AppStore|x86.ActiveCfg = Debug|Any CPU
		{AEB88521-2740-47BA-B083-44AA7A9FF71C}.Debug|Any CPU.ActiveCfg = Debug|Any CPU
		{AEB88521-2740-47BA-B083-44AA7A9FF71C}.Debug|Any CPU.Build.0 = Debug|Any CPU
		{AEB88521-2740-47BA-B083-44AA7A9FF71C}.Debug|Any CPU.Deploy.0 = Debug|Any CPU
		{AEB88521-2740-47BA-B083-44AA7A9FF71C}.Debug|ARM.ActiveCfg = Debug|Any CPU
		{AEB88521-2740-47BA-B083-44AA7A9FF71C}.Debug|iPhone.ActiveCfg = Debug|Any CPU
		{AEB88521-2740-47BA-B083-44AA7A9FF71C}.Debug|Mixed Platforms.ActiveCfg = Debug|Any CPU
		{AEB88521-2740-47BA-B083-44AA7A9FF71C}.Debug|Mixed Platforms.Build.0 = Debug|Any CPU
		{AEB88521-2740-47BA-B083-44AA7A9FF71C}.Debug|Mixed Platforms.Deploy.0 = Debug|Any CPU
		{AEB88521-2740-47BA-B083-44AA7A9FF71C}.Debug|x64.ActiveCfg = Debug|Any CPU
		{AEB88521-2740-47BA-B083-44AA7A9FF71C}.Debug|x86.ActiveCfg = Debug|Any CPU
		{AEB88521-2740-47BA-B083-44AA7A9FF71C}.Release|Any CPU.ActiveCfg = Release|Any CPU
		{AEB88521-2740-47BA-B083-44AA7A9FF71C}.Release|Any CPU.Build.0 = Release|Any CPU
		{AEB88521-2740-47BA-B083-44AA7A9FF71C}.Release|Any CPU.Deploy.0 = Release|Any CPU
		{AEB88521-2740-47BA-B083-44AA7A9FF71C}.Release|ARM.ActiveCfg = Release|Any CPU
		{AEB88521-2740-47BA-B083-44AA7A9FF71C}.Release|iPhone.ActiveCfg = Release|Any CPU
		{AEB88521-2740-47BA-B083-44AA7A9FF71C}.Release|Mixed Platforms.ActiveCfg = Release|Any CPU
		{AEB88521-2740-47BA-B083-44AA7A9FF71C}.Release|Mixed Platforms.Build.0 = Release|Any CPU
		{AEB88521-2740-47BA-B083-44AA7A9FF71C}.Release|Mixed Platforms.Deploy.0 = Release|Any CPU
		{AEB88521-2740-47BA-B083-44AA7A9FF71C}.Release|x64.ActiveCfg = Release|Any CPU
		{AEB88521-2740-47BA-B083-44AA7A9FF71C}.Release|x86.ActiveCfg = Release|Any CPU
		{F8B1CEB7-3A87-4237-90AF-ACD54EB19B77}.Ad-Hoc|Any CPU.ActiveCfg = Release|Any CPU
		{F8B1CEB7-3A87-4237-90AF-ACD54EB19B77}.Ad-Hoc|Any CPU.Build.0 = Release|Any CPU
		{F8B1CEB7-3A87-4237-90AF-ACD54EB19B77}.Ad-Hoc|ARM.ActiveCfg = Release|Any CPU
		{F8B1CEB7-3A87-4237-90AF-ACD54EB19B77}.Ad-Hoc|iPhone.ActiveCfg = Release|Any CPU
		{F8B1CEB7-3A87-4237-90AF-ACD54EB19B77}.Ad-Hoc|Mixed Platforms.ActiveCfg = Debug|Any CPU
		{F8B1CEB7-3A87-4237-90AF-ACD54EB19B77}.Ad-Hoc|Mixed Platforms.Build.0 = Debug|Any CPU
		{F8B1CEB7-3A87-4237-90AF-ACD54EB19B77}.Ad-Hoc|x64.ActiveCfg = Debug|Any CPU
		{F8B1CEB7-3A87-4237-90AF-ACD54EB19B77}.Ad-Hoc|x86.ActiveCfg = Debug|Any CPU
		{F8B1CEB7-3A87-4237-90AF-ACD54EB19B77}.AppStore|Any CPU.ActiveCfg = Release|Any CPU
		{F8B1CEB7-3A87-4237-90AF-ACD54EB19B77}.AppStore|Any CPU.Build.0 = Release|Any CPU
		{F8B1CEB7-3A87-4237-90AF-ACD54EB19B77}.AppStore|ARM.ActiveCfg = Release|Any CPU
		{F8B1CEB7-3A87-4237-90AF-ACD54EB19B77}.AppStore|iPhone.ActiveCfg = Release|Any CPU
		{F8B1CEB7-3A87-4237-90AF-ACD54EB19B77}.AppStore|Mixed Platforms.ActiveCfg = Debug|Any CPU
		{F8B1CEB7-3A87-4237-90AF-ACD54EB19B77}.AppStore|Mixed Platforms.Build.0 = Debug|Any CPU
		{F8B1CEB7-3A87-4237-90AF-ACD54EB19B77}.AppStore|x64.ActiveCfg = Debug|Any CPU
		{F8B1CEB7-3A87-4237-90AF-ACD54EB19B77}.AppStore|x86.ActiveCfg = Debug|Any CPU
		{F8B1CEB7-3A87-4237-90AF-ACD54EB19B77}.Debug|Any CPU.ActiveCfg = Debug|Any CPU
		{F8B1CEB7-3A87-4237-90AF-ACD54EB19B77}.Debug|Any CPU.Build.0 = Debug|Any CPU
		{F8B1CEB7-3A87-4237-90AF-ACD54EB19B77}.Debug|ARM.ActiveCfg = Debug|Any CPU
		{F8B1CEB7-3A87-4237-90AF-ACD54EB19B77}.Debug|iPhone.ActiveCfg = Debug|Any CPU
		{F8B1CEB7-3A87-4237-90AF-ACD54EB19B77}.Debug|Mixed Platforms.ActiveCfg = Debug|Any CPU
		{F8B1CEB7-3A87-4237-90AF-ACD54EB19B77}.Debug|Mixed Platforms.Build.0 = Debug|Any CPU
		{F8B1CEB7-3A87-4237-90AF-ACD54EB19B77}.Debug|x64.ActiveCfg = Debug|Any CPU
		{F8B1CEB7-3A87-4237-90AF-ACD54EB19B77}.Debug|x86.ActiveCfg = Debug|Any CPU
		{F8B1CEB7-3A87-4237-90AF-ACD54EB19B77}.Release|Any CPU.ActiveCfg = Release|Any CPU
		{F8B1CEB7-3A87-4237-90AF-ACD54EB19B77}.Release|Any CPU.Build.0 = Release|Any CPU
		{F8B1CEB7-3A87-4237-90AF-ACD54EB19B77}.Release|ARM.ActiveCfg = Release|Any CPU
		{F8B1CEB7-3A87-4237-90AF-ACD54EB19B77}.Release|iPhone.ActiveCfg = Release|Any CPU
		{F8B1CEB7-3A87-4237-90AF-ACD54EB19B77}.Release|Mixed Platforms.ActiveCfg = Release|Any CPU
		{F8B1CEB7-3A87-4237-90AF-ACD54EB19B77}.Release|Mixed Platforms.Build.0 = Release|Any CPU
		{F8B1CEB7-3A87-4237-90AF-ACD54EB19B77}.Release|x64.ActiveCfg = Release|Any CPU
		{F8B1CEB7-3A87-4237-90AF-ACD54EB19B77}.Release|x86.ActiveCfg = Release|Any CPU
		{F731C003-7B9A-4F3A-8BA5-2B651C3F9190}.Ad-Hoc|Any CPU.ActiveCfg = Release|Any CPU
		{F731C003-7B9A-4F3A-8BA5-2B651C3F9190}.Ad-Hoc|Any CPU.Build.0 = Release|Any CPU
		{F731C003-7B9A-4F3A-8BA5-2B651C3F9190}.Ad-Hoc|Any CPU.Deploy.0 = Release|Any CPU
		{F731C003-7B9A-4F3A-8BA5-2B651C3F9190}.Ad-Hoc|ARM.ActiveCfg = Release|ARM
		{F731C003-7B9A-4F3A-8BA5-2B651C3F9190}.Ad-Hoc|ARM.Build.0 = Release|ARM
		{F731C003-7B9A-4F3A-8BA5-2B651C3F9190}.Ad-Hoc|ARM.Deploy.0 = Release|ARM
		{F731C003-7B9A-4F3A-8BA5-2B651C3F9190}.Ad-Hoc|iPhone.ActiveCfg = Release|Any CPU
		{F731C003-7B9A-4F3A-8BA5-2B651C3F9190}.Ad-Hoc|Mixed Platforms.ActiveCfg = Release|x86
		{F731C003-7B9A-4F3A-8BA5-2B651C3F9190}.Ad-Hoc|Mixed Platforms.Build.0 = Release|x86
		{F731C003-7B9A-4F3A-8BA5-2B651C3F9190}.Ad-Hoc|Mixed Platforms.Deploy.0 = Release|x86
		{F731C003-7B9A-4F3A-8BA5-2B651C3F9190}.Ad-Hoc|x64.ActiveCfg = Debug|Any CPU
		{F731C003-7B9A-4F3A-8BA5-2B651C3F9190}.Ad-Hoc|x86.ActiveCfg = Release|x86
		{F731C003-7B9A-4F3A-8BA5-2B651C3F9190}.Ad-Hoc|x86.Build.0 = Release|x86
		{F731C003-7B9A-4F3A-8BA5-2B651C3F9190}.Ad-Hoc|x86.Deploy.0 = Release|x86
		{F731C003-7B9A-4F3A-8BA5-2B651C3F9190}.AppStore|Any CPU.ActiveCfg = Release|Any CPU
		{F731C003-7B9A-4F3A-8BA5-2B651C3F9190}.AppStore|Any CPU.Build.0 = Release|Any CPU
		{F731C003-7B9A-4F3A-8BA5-2B651C3F9190}.AppStore|Any CPU.Deploy.0 = Release|Any CPU
		{F731C003-7B9A-4F3A-8BA5-2B651C3F9190}.AppStore|ARM.ActiveCfg = Release|ARM
		{F731C003-7B9A-4F3A-8BA5-2B651C3F9190}.AppStore|ARM.Build.0 = Release|ARM
		{F731C003-7B9A-4F3A-8BA5-2B651C3F9190}.AppStore|ARM.Deploy.0 = Release|ARM
		{F731C003-7B9A-4F3A-8BA5-2B651C3F9190}.AppStore|iPhone.ActiveCfg = Release|Any CPU
		{F731C003-7B9A-4F3A-8BA5-2B651C3F9190}.AppStore|Mixed Platforms.ActiveCfg = Release|x86
		{F731C003-7B9A-4F3A-8BA5-2B651C3F9190}.AppStore|Mixed Platforms.Build.0 = Release|x86
		{F731C003-7B9A-4F3A-8BA5-2B651C3F9190}.AppStore|Mixed Platforms.Deploy.0 = Release|x86
		{F731C003-7B9A-4F3A-8BA5-2B651C3F9190}.AppStore|x64.ActiveCfg = Debug|Any CPU
		{F731C003-7B9A-4F3A-8BA5-2B651C3F9190}.AppStore|x86.ActiveCfg = Release|x86
		{F731C003-7B9A-4F3A-8BA5-2B651C3F9190}.AppStore|x86.Build.0 = Release|x86
		{F731C003-7B9A-4F3A-8BA5-2B651C3F9190}.AppStore|x86.Deploy.0 = Release|x86
		{F731C003-7B9A-4F3A-8BA5-2B651C3F9190}.Debug|Any CPU.ActiveCfg = Debug|Any CPU
		{F731C003-7B9A-4F3A-8BA5-2B651C3F9190}.Debug|Any CPU.Build.0 = Debug|Any CPU
		{F731C003-7B9A-4F3A-8BA5-2B651C3F9190}.Debug|Any CPU.Deploy.0 = Debug|Any CPU
		{F731C003-7B9A-4F3A-8BA5-2B651C3F9190}.Debug|ARM.ActiveCfg = Debug|ARM
		{F731C003-7B9A-4F3A-8BA5-2B651C3F9190}.Debug|ARM.Build.0 = Debug|ARM
		{F731C003-7B9A-4F3A-8BA5-2B651C3F9190}.Debug|ARM.Deploy.0 = Debug|ARM
		{F731C003-7B9A-4F3A-8BA5-2B651C3F9190}.Debug|iPhone.ActiveCfg = Debug|Any CPU
		{F731C003-7B9A-4F3A-8BA5-2B651C3F9190}.Debug|Mixed Platforms.ActiveCfg = Debug|x86
		{F731C003-7B9A-4F3A-8BA5-2B651C3F9190}.Debug|Mixed Platforms.Build.0 = Debug|x86
		{F731C003-7B9A-4F3A-8BA5-2B651C3F9190}.Debug|Mixed Platforms.Deploy.0 = Debug|x86
		{F731C003-7B9A-4F3A-8BA5-2B651C3F9190}.Debug|x64.ActiveCfg = Debug|Any CPU
		{F731C003-7B9A-4F3A-8BA5-2B651C3F9190}.Debug|x86.ActiveCfg = Debug|x86
		{F731C003-7B9A-4F3A-8BA5-2B651C3F9190}.Debug|x86.Build.0 = Debug|x86
		{F731C003-7B9A-4F3A-8BA5-2B651C3F9190}.Debug|x86.Deploy.0 = Debug|x86
		{F731C003-7B9A-4F3A-8BA5-2B651C3F9190}.Release|Any CPU.ActiveCfg = Release|Any CPU
		{F731C003-7B9A-4F3A-8BA5-2B651C3F9190}.Release|Any CPU.Build.0 = Release|Any CPU
		{F731C003-7B9A-4F3A-8BA5-2B651C3F9190}.Release|Any CPU.Deploy.0 = Release|Any CPU
		{F731C003-7B9A-4F3A-8BA5-2B651C3F9190}.Release|ARM.ActiveCfg = Release|ARM
		{F731C003-7B9A-4F3A-8BA5-2B651C3F9190}.Release|ARM.Build.0 = Release|ARM
		{F731C003-7B9A-4F3A-8BA5-2B651C3F9190}.Release|ARM.Deploy.0 = Release|ARM
		{F731C003-7B9A-4F3A-8BA5-2B651C3F9190}.Release|iPhone.ActiveCfg = Release|Any CPU
		{F731C003-7B9A-4F3A-8BA5-2B651C3F9190}.Release|Mixed Platforms.ActiveCfg = Release|x86
		{F731C003-7B9A-4F3A-8BA5-2B651C3F9190}.Release|Mixed Platforms.Build.0 = Release|x86
		{F731C003-7B9A-4F3A-8BA5-2B651C3F9190}.Release|Mixed Platforms.Deploy.0 = Release|x86
		{F731C003-7B9A-4F3A-8BA5-2B651C3F9190}.Release|x64.ActiveCfg = Release|Any CPU
		{F731C003-7B9A-4F3A-8BA5-2B651C3F9190}.Release|x86.ActiveCfg = Release|x86
		{F731C003-7B9A-4F3A-8BA5-2B651C3F9190}.Release|x86.Build.0 = Release|x86
		{F731C003-7B9A-4F3A-8BA5-2B651C3F9190}.Release|x86.Deploy.0 = Release|x86
		{C43A16A2-C01A-4DE4-952D-999A9883271B}.Ad-Hoc|Any CPU.ActiveCfg = Release|Any CPU
		{C43A16A2-C01A-4DE4-952D-999A9883271B}.Ad-Hoc|Any CPU.Build.0 = Release|Any CPU
		{C43A16A2-C01A-4DE4-952D-999A9883271B}.Ad-Hoc|Any CPU.Deploy.0 = Release|Any CPU
		{C43A16A2-C01A-4DE4-952D-999A9883271B}.Ad-Hoc|ARM.ActiveCfg = Release|ARM
		{C43A16A2-C01A-4DE4-952D-999A9883271B}.Ad-Hoc|ARM.Build.0 = Release|ARM
		{C43A16A2-C01A-4DE4-952D-999A9883271B}.Ad-Hoc|ARM.Deploy.0 = Release|ARM
		{C43A16A2-C01A-4DE4-952D-999A9883271B}.Ad-Hoc|iPhone.ActiveCfg = Release|Any CPU
		{C43A16A2-C01A-4DE4-952D-999A9883271B}.Ad-Hoc|Mixed Platforms.ActiveCfg = Release|x86
		{C43A16A2-C01A-4DE4-952D-999A9883271B}.Ad-Hoc|Mixed Platforms.Build.0 = Release|x86
		{C43A16A2-C01A-4DE4-952D-999A9883271B}.Ad-Hoc|Mixed Platforms.Deploy.0 = Release|x86
		{C43A16A2-C01A-4DE4-952D-999A9883271B}.Ad-Hoc|x64.ActiveCfg = Release|x64
		{C43A16A2-C01A-4DE4-952D-999A9883271B}.Ad-Hoc|x64.Build.0 = Release|x64
		{C43A16A2-C01A-4DE4-952D-999A9883271B}.Ad-Hoc|x64.Deploy.0 = Release|x64
		{C43A16A2-C01A-4DE4-952D-999A9883271B}.Ad-Hoc|x86.ActiveCfg = Release|x86
		{C43A16A2-C01A-4DE4-952D-999A9883271B}.Ad-Hoc|x86.Build.0 = Release|x86
		{C43A16A2-C01A-4DE4-952D-999A9883271B}.Ad-Hoc|x86.Deploy.0 = Release|x86
		{C43A16A2-C01A-4DE4-952D-999A9883271B}.AppStore|Any CPU.ActiveCfg = Release|Any CPU
		{C43A16A2-C01A-4DE4-952D-999A9883271B}.AppStore|Any CPU.Build.0 = Release|Any CPU
		{C43A16A2-C01A-4DE4-952D-999A9883271B}.AppStore|Any CPU.Deploy.0 = Release|Any CPU
		{C43A16A2-C01A-4DE4-952D-999A9883271B}.AppStore|ARM.ActiveCfg = Release|ARM
		{C43A16A2-C01A-4DE4-952D-999A9883271B}.AppStore|ARM.Build.0 = Release|ARM
		{C43A16A2-C01A-4DE4-952D-999A9883271B}.AppStore|ARM.Deploy.0 = Release|ARM
		{C43A16A2-C01A-4DE4-952D-999A9883271B}.AppStore|iPhone.ActiveCfg = Release|Any CPU
		{C43A16A2-C01A-4DE4-952D-999A9883271B}.AppStore|Mixed Platforms.ActiveCfg = Release|x86
		{C43A16A2-C01A-4DE4-952D-999A9883271B}.AppStore|Mixed Platforms.Build.0 = Release|x86
		{C43A16A2-C01A-4DE4-952D-999A9883271B}.AppStore|Mixed Platforms.Deploy.0 = Release|x86
		{C43A16A2-C01A-4DE4-952D-999A9883271B}.AppStore|x64.ActiveCfg = Release|x64
		{C43A16A2-C01A-4DE4-952D-999A9883271B}.AppStore|x64.Build.0 = Release|x64
		{C43A16A2-C01A-4DE4-952D-999A9883271B}.AppStore|x64.Deploy.0 = Release|x64
		{C43A16A2-C01A-4DE4-952D-999A9883271B}.AppStore|x86.ActiveCfg = Release|x86
		{C43A16A2-C01A-4DE4-952D-999A9883271B}.AppStore|x86.Build.0 = Release|x86
		{C43A16A2-C01A-4DE4-952D-999A9883271B}.AppStore|x86.Deploy.0 = Release|x86
		{C43A16A2-C01A-4DE4-952D-999A9883271B}.Debug|Any CPU.ActiveCfg = Debug|Any CPU
		{C43A16A2-C01A-4DE4-952D-999A9883271B}.Debug|Any CPU.Build.0 = Debug|Any CPU
		{C43A16A2-C01A-4DE4-952D-999A9883271B}.Debug|Any CPU.Deploy.0 = Debug|Any CPU
		{C43A16A2-C01A-4DE4-952D-999A9883271B}.Debug|ARM.ActiveCfg = Debug|ARM
		{C43A16A2-C01A-4DE4-952D-999A9883271B}.Debug|ARM.Build.0 = Debug|ARM
		{C43A16A2-C01A-4DE4-952D-999A9883271B}.Debug|ARM.Deploy.0 = Debug|ARM
		{C43A16A2-C01A-4DE4-952D-999A9883271B}.Debug|iPhone.ActiveCfg = Debug|Any CPU
		{C43A16A2-C01A-4DE4-952D-999A9883271B}.Debug|Mixed Platforms.ActiveCfg = Debug|x86
		{C43A16A2-C01A-4DE4-952D-999A9883271B}.Debug|Mixed Platforms.Build.0 = Debug|x86
		{C43A16A2-C01A-4DE4-952D-999A9883271B}.Debug|Mixed Platforms.Deploy.0 = Debug|x86
		{C43A16A2-C01A-4DE4-952D-999A9883271B}.Debug|x64.ActiveCfg = Debug|x64
		{C43A16A2-C01A-4DE4-952D-999A9883271B}.Debug|x64.Build.0 = Debug|x64
		{C43A16A2-C01A-4DE4-952D-999A9883271B}.Debug|x64.Deploy.0 = Debug|x64
		{C43A16A2-C01A-4DE4-952D-999A9883271B}.Debug|x86.ActiveCfg = Debug|x86
		{C43A16A2-C01A-4DE4-952D-999A9883271B}.Debug|x86.Build.0 = Debug|x86
		{C43A16A2-C01A-4DE4-952D-999A9883271B}.Debug|x86.Deploy.0 = Debug|x86
		{C43A16A2-C01A-4DE4-952D-999A9883271B}.Release|Any CPU.ActiveCfg = Release|Any CPU
		{C43A16A2-C01A-4DE4-952D-999A9883271B}.Release|Any CPU.Build.0 = Release|Any CPU
		{C43A16A2-C01A-4DE4-952D-999A9883271B}.Release|Any CPU.Deploy.0 = Release|Any CPU
		{C43A16A2-C01A-4DE4-952D-999A9883271B}.Release|ARM.ActiveCfg = Release|ARM
		{C43A16A2-C01A-4DE4-952D-999A9883271B}.Release|ARM.Build.0 = Release|ARM
		{C43A16A2-C01A-4DE4-952D-999A9883271B}.Release|ARM.Deploy.0 = Release|ARM
		{C43A16A2-C01A-4DE4-952D-999A9883271B}.Release|iPhone.ActiveCfg = Release|Any CPU
		{C43A16A2-C01A-4DE4-952D-999A9883271B}.Release|Mixed Platforms.ActiveCfg = Release|x86
		{C43A16A2-C01A-4DE4-952D-999A9883271B}.Release|Mixed Platforms.Build.0 = Release|x86
		{C43A16A2-C01A-4DE4-952D-999A9883271B}.Release|Mixed Platforms.Deploy.0 = Release|x86
		{C43A16A2-C01A-4DE4-952D-999A9883271B}.Release|x64.ActiveCfg = Release|x64
		{C43A16A2-C01A-4DE4-952D-999A9883271B}.Release|x64.Build.0 = Release|x64
		{C43A16A2-C01A-4DE4-952D-999A9883271B}.Release|x64.Deploy.0 = Release|x64
		{C43A16A2-C01A-4DE4-952D-999A9883271B}.Release|x86.ActiveCfg = Release|x86
		{C43A16A2-C01A-4DE4-952D-999A9883271B}.Release|x86.Build.0 = Release|x86
		{C43A16A2-C01A-4DE4-952D-999A9883271B}.Release|x86.Deploy.0 = Release|x86
		{B5697ED4-00EF-4661-9D75-A4C4071ECEA3}.Ad-Hoc|Any CPU.ActiveCfg = Release|Any CPU
		{B5697ED4-00EF-4661-9D75-A4C4071ECEA3}.Ad-Hoc|Any CPU.Build.0 = Release|Any CPU
		{B5697ED4-00EF-4661-9D75-A4C4071ECEA3}.Ad-Hoc|Any CPU.Deploy.0 = Release|Any CPU
		{B5697ED4-00EF-4661-9D75-A4C4071ECEA3}.Ad-Hoc|ARM.ActiveCfg = Release|ARM
		{B5697ED4-00EF-4661-9D75-A4C4071ECEA3}.Ad-Hoc|ARM.Build.0 = Release|ARM
		{B5697ED4-00EF-4661-9D75-A4C4071ECEA3}.Ad-Hoc|ARM.Deploy.0 = Release|ARM
		{B5697ED4-00EF-4661-9D75-A4C4071ECEA3}.Ad-Hoc|iPhone.ActiveCfg = Release|Any CPU
		{B5697ED4-00EF-4661-9D75-A4C4071ECEA3}.Ad-Hoc|Mixed Platforms.ActiveCfg = Release|x86
		{B5697ED4-00EF-4661-9D75-A4C4071ECEA3}.Ad-Hoc|Mixed Platforms.Build.0 = Release|x86
		{B5697ED4-00EF-4661-9D75-A4C4071ECEA3}.Ad-Hoc|Mixed Platforms.Deploy.0 = Release|x86
		{B5697ED4-00EF-4661-9D75-A4C4071ECEA3}.Ad-Hoc|x64.ActiveCfg = Debug|Any CPU
		{B5697ED4-00EF-4661-9D75-A4C4071ECEA3}.Ad-Hoc|x86.ActiveCfg = Release|x86
		{B5697ED4-00EF-4661-9D75-A4C4071ECEA3}.Ad-Hoc|x86.Build.0 = Release|x86
		{B5697ED4-00EF-4661-9D75-A4C4071ECEA3}.Ad-Hoc|x86.Deploy.0 = Release|x86
		{B5697ED4-00EF-4661-9D75-A4C4071ECEA3}.AppStore|Any CPU.ActiveCfg = Release|Any CPU
		{B5697ED4-00EF-4661-9D75-A4C4071ECEA3}.AppStore|Any CPU.Build.0 = Release|Any CPU
		{B5697ED4-00EF-4661-9D75-A4C4071ECEA3}.AppStore|Any CPU.Deploy.0 = Release|Any CPU
		{B5697ED4-00EF-4661-9D75-A4C4071ECEA3}.AppStore|ARM.ActiveCfg = Release|ARM
		{B5697ED4-00EF-4661-9D75-A4C4071ECEA3}.AppStore|ARM.Build.0 = Release|ARM
		{B5697ED4-00EF-4661-9D75-A4C4071ECEA3}.AppStore|ARM.Deploy.0 = Release|ARM
		{B5697ED4-00EF-4661-9D75-A4C4071ECEA3}.AppStore|iPhone.ActiveCfg = Release|Any CPU
		{B5697ED4-00EF-4661-9D75-A4C4071ECEA3}.AppStore|Mixed Platforms.ActiveCfg = Release|x86
		{B5697ED4-00EF-4661-9D75-A4C4071ECEA3}.AppStore|Mixed Platforms.Build.0 = Release|x86
		{B5697ED4-00EF-4661-9D75-A4C4071ECEA3}.AppStore|Mixed Platforms.Deploy.0 = Release|x86
		{B5697ED4-00EF-4661-9D75-A4C4071ECEA3}.AppStore|x64.ActiveCfg = Debug|Any CPU
		{B5697ED4-00EF-4661-9D75-A4C4071ECEA3}.AppStore|x86.ActiveCfg = Release|x86
		{B5697ED4-00EF-4661-9D75-A4C4071ECEA3}.AppStore|x86.Build.0 = Release|x86
		{B5697ED4-00EF-4661-9D75-A4C4071ECEA3}.AppStore|x86.Deploy.0 = Release|x86
		{B5697ED4-00EF-4661-9D75-A4C4071ECEA3}.Debug|Any CPU.ActiveCfg = Debug|Any CPU
		{B5697ED4-00EF-4661-9D75-A4C4071ECEA3}.Debug|Any CPU.Build.0 = Debug|Any CPU
		{B5697ED4-00EF-4661-9D75-A4C4071ECEA3}.Debug|Any CPU.Deploy.0 = Debug|Any CPU
		{B5697ED4-00EF-4661-9D75-A4C4071ECEA3}.Debug|ARM.ActiveCfg = Debug|ARM
		{B5697ED4-00EF-4661-9D75-A4C4071ECEA3}.Debug|ARM.Build.0 = Debug|ARM
		{B5697ED4-00EF-4661-9D75-A4C4071ECEA3}.Debug|ARM.Deploy.0 = Debug|ARM
		{B5697ED4-00EF-4661-9D75-A4C4071ECEA3}.Debug|iPhone.ActiveCfg = Debug|Any CPU
		{B5697ED4-00EF-4661-9D75-A4C4071ECEA3}.Debug|Mixed Platforms.ActiveCfg = Debug|x86
		{B5697ED4-00EF-4661-9D75-A4C4071ECEA3}.Debug|Mixed Platforms.Build.0 = Debug|x86
		{B5697ED4-00EF-4661-9D75-A4C4071ECEA3}.Debug|Mixed Platforms.Deploy.0 = Debug|x86
		{B5697ED4-00EF-4661-9D75-A4C4071ECEA3}.Debug|x64.ActiveCfg = Debug|Any CPU
		{B5697ED4-00EF-4661-9D75-A4C4071ECEA3}.Debug|x86.ActiveCfg = Debug|x86
		{B5697ED4-00EF-4661-9D75-A4C4071ECEA3}.Debug|x86.Build.0 = Debug|x86
		{B5697ED4-00EF-4661-9D75-A4C4071ECEA3}.Debug|x86.Deploy.0 = Debug|x86
		{B5697ED4-00EF-4661-9D75-A4C4071ECEA3}.Release|Any CPU.ActiveCfg = Release|Any CPU
		{B5697ED4-00EF-4661-9D75-A4C4071ECEA3}.Release|Any CPU.Build.0 = Release|Any CPU
		{B5697ED4-00EF-4661-9D75-A4C4071ECEA3}.Release|Any CPU.Deploy.0 = Release|Any CPU
		{B5697ED4-00EF-4661-9D75-A4C4071ECEA3}.Release|ARM.ActiveCfg = Release|ARM
		{B5697ED4-00EF-4661-9D75-A4C4071ECEA3}.Release|ARM.Build.0 = Release|ARM
		{B5697ED4-00EF-4661-9D75-A4C4071ECEA3}.Release|ARM.Deploy.0 = Release|ARM
		{B5697ED4-00EF-4661-9D75-A4C4071ECEA3}.Release|iPhone.ActiveCfg = Release|Any CPU
		{B5697ED4-00EF-4661-9D75-A4C4071ECEA3}.Release|Mixed Platforms.ActiveCfg = Release|x86
		{B5697ED4-00EF-4661-9D75-A4C4071ECEA3}.Release|Mixed Platforms.Build.0 = Release|x86
		{B5697ED4-00EF-4661-9D75-A4C4071ECEA3}.Release|Mixed Platforms.Deploy.0 = Release|x86
		{B5697ED4-00EF-4661-9D75-A4C4071ECEA3}.Release|x64.ActiveCfg = Release|Any CPU
		{B5697ED4-00EF-4661-9D75-A4C4071ECEA3}.Release|x86.ActiveCfg = Release|x86
		{B5697ED4-00EF-4661-9D75-A4C4071ECEA3}.Release|x86.Build.0 = Release|x86
		{B5697ED4-00EF-4661-9D75-A4C4071ECEA3}.Release|x86.Deploy.0 = Release|x86
		{B6569686-40DD-42CB-B9BB-E11AAB923634}.Ad-Hoc|Any CPU.ActiveCfg = Release|Any CPU
		{B6569686-40DD-42CB-B9BB-E11AAB923634}.Ad-Hoc|Any CPU.Build.0 = Release|Any CPU
		{B6569686-40DD-42CB-B9BB-E11AAB923634}.Ad-Hoc|ARM.ActiveCfg = Release|Any CPU
		{B6569686-40DD-42CB-B9BB-E11AAB923634}.Ad-Hoc|iPhone.ActiveCfg = Release|Any CPU
		{B6569686-40DD-42CB-B9BB-E11AAB923634}.Ad-Hoc|Mixed Platforms.ActiveCfg = Debug|Any CPU
		{B6569686-40DD-42CB-B9BB-E11AAB923634}.Ad-Hoc|Mixed Platforms.Build.0 = Debug|Any CPU
		{B6569686-40DD-42CB-B9BB-E11AAB923634}.Ad-Hoc|x64.ActiveCfg = Debug|Any CPU
		{B6569686-40DD-42CB-B9BB-E11AAB923634}.Ad-Hoc|x86.ActiveCfg = Debug|Any CPU
		{B6569686-40DD-42CB-B9BB-E11AAB923634}.AppStore|Any CPU.ActiveCfg = Release|Any CPU
		{B6569686-40DD-42CB-B9BB-E11AAB923634}.AppStore|Any CPU.Build.0 = Release|Any CPU
		{B6569686-40DD-42CB-B9BB-E11AAB923634}.AppStore|ARM.ActiveCfg = Release|Any CPU
		{B6569686-40DD-42CB-B9BB-E11AAB923634}.AppStore|iPhone.ActiveCfg = Release|Any CPU
		{B6569686-40DD-42CB-B9BB-E11AAB923634}.AppStore|Mixed Platforms.ActiveCfg = Debug|Any CPU
		{B6569686-40DD-42CB-B9BB-E11AAB923634}.AppStore|Mixed Platforms.Build.0 = Debug|Any CPU
		{B6569686-40DD-42CB-B9BB-E11AAB923634}.AppStore|x64.ActiveCfg = Debug|Any CPU
		{B6569686-40DD-42CB-B9BB-E11AAB923634}.AppStore|x86.ActiveCfg = Debug|Any CPU
		{B6569686-40DD-42CB-B9BB-E11AAB923634}.Debug|Any CPU.ActiveCfg = Debug|Any CPU
		{B6569686-40DD-42CB-B9BB-E11AAB923634}.Debug|Any CPU.Build.0 = Debug|Any CPU
		{B6569686-40DD-42CB-B9BB-E11AAB923634}.Debug|ARM.ActiveCfg = Debug|Any CPU
		{B6569686-40DD-42CB-B9BB-E11AAB923634}.Debug|iPhone.ActiveCfg = Debug|Any CPU
		{B6569686-40DD-42CB-B9BB-E11AAB923634}.Debug|Mixed Platforms.ActiveCfg = Debug|Any CPU
		{B6569686-40DD-42CB-B9BB-E11AAB923634}.Debug|Mixed Platforms.Build.0 = Debug|Any CPU
		{B6569686-40DD-42CB-B9BB-E11AAB923634}.Debug|x64.ActiveCfg = Debug|Any CPU
		{B6569686-40DD-42CB-B9BB-E11AAB923634}.Debug|x86.ActiveCfg = Debug|Any CPU
		{B6569686-40DD-42CB-B9BB-E11AAB923634}.Release|Any CPU.ActiveCfg = Release|Any CPU
		{B6569686-40DD-42CB-B9BB-E11AAB923634}.Release|Any CPU.Build.0 = Release|Any CPU
		{B6569686-40DD-42CB-B9BB-E11AAB923634}.Release|ARM.ActiveCfg = Release|Any CPU
		{B6569686-40DD-42CB-B9BB-E11AAB923634}.Release|iPhone.ActiveCfg = Release|Any CPU
		{B6569686-40DD-42CB-B9BB-E11AAB923634}.Release|Mixed Platforms.ActiveCfg = Release|Any CPU
		{B6569686-40DD-42CB-B9BB-E11AAB923634}.Release|Mixed Platforms.Build.0 = Release|Any CPU
		{B6569686-40DD-42CB-B9BB-E11AAB923634}.Release|x64.ActiveCfg = Release|Any CPU
		{B6569686-40DD-42CB-B9BB-E11AAB923634}.Release|x86.ActiveCfg = Release|Any CPU
		{57C9A200-C145-43FF-BF2B-0F6525C41B72}.Ad-Hoc|Any CPU.ActiveCfg = Ad-Hoc|iPhone
		{57C9A200-C145-43FF-BF2B-0F6525C41B72}.Ad-Hoc|ARM.ActiveCfg = Ad-Hoc|iPhone
		{57C9A200-C145-43FF-BF2B-0F6525C41B72}.Ad-Hoc|iPhone.ActiveCfg = Ad-Hoc|iPhone
		{57C9A200-C145-43FF-BF2B-0F6525C41B72}.Ad-Hoc|iPhone.Build.0 = Ad-Hoc|iPhone
		{57C9A200-C145-43FF-BF2B-0F6525C41B72}.Ad-Hoc|Mixed Platforms.ActiveCfg = Ad-Hoc|iPhoneSimulator
		{57C9A200-C145-43FF-BF2B-0F6525C41B72}.Ad-Hoc|Mixed Platforms.Build.0 = Ad-Hoc|iPhoneSimulator
		{57C9A200-C145-43FF-BF2B-0F6525C41B72}.Ad-Hoc|x64.ActiveCfg = Ad-Hoc|iPhoneSimulator
		{57C9A200-C145-43FF-BF2B-0F6525C41B72}.Ad-Hoc|x86.ActiveCfg = Ad-Hoc|iPhoneSimulator
		{57C9A200-C145-43FF-BF2B-0F6525C41B72}.AppStore|Any CPU.ActiveCfg = AppStore|iPhone
		{57C9A200-C145-43FF-BF2B-0F6525C41B72}.AppStore|ARM.ActiveCfg = AppStore|iPhone
		{57C9A200-C145-43FF-BF2B-0F6525C41B72}.AppStore|iPhone.ActiveCfg = AppStore|iPhone
		{57C9A200-C145-43FF-BF2B-0F6525C41B72}.AppStore|iPhone.Build.0 = AppStore|iPhone
		{57C9A200-C145-43FF-BF2B-0F6525C41B72}.AppStore|Mixed Platforms.ActiveCfg = AppStore|iPhoneSimulator
		{57C9A200-C145-43FF-BF2B-0F6525C41B72}.AppStore|Mixed Platforms.Build.0 = AppStore|iPhoneSimulator
		{57C9A200-C145-43FF-BF2B-0F6525C41B72}.AppStore|x64.ActiveCfg = AppStore|iPhoneSimulator
		{57C9A200-C145-43FF-BF2B-0F6525C41B72}.AppStore|x86.ActiveCfg = AppStore|iPhoneSimulator
		{57C9A200-C145-43FF-BF2B-0F6525C41B72}.Debug|Any CPU.ActiveCfg = Debug|iPhoneSimulator
		{57C9A200-C145-43FF-BF2B-0F6525C41B72}.Debug|Any CPU.Build.0 = Debug|iPhoneSimulator
		{57C9A200-C145-43FF-BF2B-0F6525C41B72}.Debug|ARM.ActiveCfg = Debug|iPhone
		{57C9A200-C145-43FF-BF2B-0F6525C41B72}.Debug|iPhone.ActiveCfg = Debug|iPhone
		{57C9A200-C145-43FF-BF2B-0F6525C41B72}.Debug|iPhone.Build.0 = Debug|iPhone
		{57C9A200-C145-43FF-BF2B-0F6525C41B72}.Debug|Mixed Platforms.ActiveCfg = Debug|iPhone
		{57C9A200-C145-43FF-BF2B-0F6525C41B72}.Debug|Mixed Platforms.Build.0 = Debug|iPhone
		{57C9A200-C145-43FF-BF2B-0F6525C41B72}.Debug|x64.ActiveCfg = Debug|iPhone
		{57C9A200-C145-43FF-BF2B-0F6525C41B72}.Debug|x86.ActiveCfg = Debug|iPhone
		{57C9A200-C145-43FF-BF2B-0F6525C41B72}.Release|Any CPU.ActiveCfg = Release|iPhoneSimulator
		{57C9A200-C145-43FF-BF2B-0F6525C41B72}.Release|Any CPU.Build.0 = Release|iPhoneSimulator
		{57C9A200-C145-43FF-BF2B-0F6525C41B72}.Release|ARM.ActiveCfg = Release|iPhone
		{57C9A200-C145-43FF-BF2B-0F6525C41B72}.Release|iPhone.ActiveCfg = Release|iPhone
		{57C9A200-C145-43FF-BF2B-0F6525C41B72}.Release|iPhone.Build.0 = Release|iPhone
		{57C9A200-C145-43FF-BF2B-0F6525C41B72}.Release|Mixed Platforms.ActiveCfg = Release|iPhone
		{57C9A200-C145-43FF-BF2B-0F6525C41B72}.Release|Mixed Platforms.Build.0 = Release|iPhone
		{57C9A200-C145-43FF-BF2B-0F6525C41B72}.Release|x64.ActiveCfg = Release|iPhone
		{57C9A200-C145-43FF-BF2B-0F6525C41B72}.Release|x86.ActiveCfg = Release|iPhone
		{2C1F15BD-5FD5-41F7-8366-C27820589722}.Ad-Hoc|Any CPU.ActiveCfg = Release|Any CPU
		{2C1F15BD-5FD5-41F7-8366-C27820589722}.Ad-Hoc|Any CPU.Build.0 = Release|Any CPU
		{2C1F15BD-5FD5-41F7-8366-C27820589722}.Ad-Hoc|ARM.ActiveCfg = Release|Any CPU
		{2C1F15BD-5FD5-41F7-8366-C27820589722}.Ad-Hoc|iPhone.ActiveCfg = Release|Any CPU
		{2C1F15BD-5FD5-41F7-8366-C27820589722}.Ad-Hoc|Mixed Platforms.ActiveCfg = Debug|Any CPU
		{2C1F15BD-5FD5-41F7-8366-C27820589722}.Ad-Hoc|Mixed Platforms.Build.0 = Debug|Any CPU
		{2C1F15BD-5FD5-41F7-8366-C27820589722}.Ad-Hoc|x64.ActiveCfg = Debug|Any CPU
		{2C1F15BD-5FD5-41F7-8366-C27820589722}.Ad-Hoc|x86.ActiveCfg = Debug|Any CPU
		{2C1F15BD-5FD5-41F7-8366-C27820589722}.AppStore|Any CPU.ActiveCfg = Release|Any CPU
		{2C1F15BD-5FD5-41F7-8366-C27820589722}.AppStore|Any CPU.Build.0 = Release|Any CPU
		{2C1F15BD-5FD5-41F7-8366-C27820589722}.AppStore|ARM.ActiveCfg = Release|Any CPU
		{2C1F15BD-5FD5-41F7-8366-C27820589722}.AppStore|iPhone.ActiveCfg = Release|Any CPU
		{2C1F15BD-5FD5-41F7-8366-C27820589722}.AppStore|Mixed Platforms.ActiveCfg = Debug|Any CPU
		{2C1F15BD-5FD5-41F7-8366-C27820589722}.AppStore|Mixed Platforms.Build.0 = Debug|Any CPU
		{2C1F15BD-5FD5-41F7-8366-C27820589722}.AppStore|x64.ActiveCfg = Debug|Any CPU
		{2C1F15BD-5FD5-41F7-8366-C27820589722}.AppStore|x86.ActiveCfg = Debug|Any CPU
		{2C1F15BD-5FD5-41F7-8366-C27820589722}.Debug|Any CPU.ActiveCfg = Debug|Any CPU
		{2C1F15BD-5FD5-41F7-8366-C27820589722}.Debug|Any CPU.Build.0 = Debug|Any CPU
		{2C1F15BD-5FD5-41F7-8366-C27820589722}.Debug|ARM.ActiveCfg = Debug|Any CPU
		{2C1F15BD-5FD5-41F7-8366-C27820589722}.Debug|iPhone.ActiveCfg = Debug|Any CPU
		{2C1F15BD-5FD5-41F7-8366-C27820589722}.Debug|Mixed Platforms.ActiveCfg = Debug|Any CPU
		{2C1F15BD-5FD5-41F7-8366-C27820589722}.Debug|Mixed Platforms.Build.0 = Debug|Any CPU
		{2C1F15BD-5FD5-41F7-8366-C27820589722}.Debug|x64.ActiveCfg = Debug|Any CPU
		{2C1F15BD-5FD5-41F7-8366-C27820589722}.Debug|x86.ActiveCfg = Debug|Any CPU
		{2C1F15BD-5FD5-41F7-8366-C27820589722}.Release|Any CPU.ActiveCfg = Release|Any CPU
		{2C1F15BD-5FD5-41F7-8366-C27820589722}.Release|Any CPU.Build.0 = Release|Any CPU
		{2C1F15BD-5FD5-41F7-8366-C27820589722}.Release|ARM.ActiveCfg = Release|Any CPU
		{2C1F15BD-5FD5-41F7-8366-C27820589722}.Release|iPhone.ActiveCfg = Release|Any CPU
		{2C1F15BD-5FD5-41F7-8366-C27820589722}.Release|Mixed Platforms.ActiveCfg = Release|Any CPU
		{2C1F15BD-5FD5-41F7-8366-C27820589722}.Release|Mixed Platforms.Build.0 = Release|Any CPU
		{2C1F15BD-5FD5-41F7-8366-C27820589722}.Release|x64.ActiveCfg = Release|Any CPU
		{2C1F15BD-5FD5-41F7-8366-C27820589722}.Release|x86.ActiveCfg = Release|Any CPU
		{C728007E-A676-4F43-A4BC-CCA08D8D6EEE}.Ad-Hoc|Any CPU.ActiveCfg = Ad-Hoc|iPhone
		{C728007E-A676-4F43-A4BC-CCA08D8D6EEE}.Ad-Hoc|ARM.ActiveCfg = Ad-Hoc|iPhone
		{C728007E-A676-4F43-A4BC-CCA08D8D6EEE}.Ad-Hoc|iPhone.ActiveCfg = Ad-Hoc|iPhone
		{C728007E-A676-4F43-A4BC-CCA08D8D6EEE}.Ad-Hoc|iPhone.Build.0 = Ad-Hoc|iPhone
		{C728007E-A676-4F43-A4BC-CCA08D8D6EEE}.Ad-Hoc|Mixed Platforms.ActiveCfg = Ad-Hoc|iPhoneSimulator
		{C728007E-A676-4F43-A4BC-CCA08D8D6EEE}.Ad-Hoc|Mixed Platforms.Build.0 = Ad-Hoc|iPhoneSimulator
		{C728007E-A676-4F43-A4BC-CCA08D8D6EEE}.Ad-Hoc|x64.ActiveCfg = Ad-Hoc|iPhoneSimulator
		{C728007E-A676-4F43-A4BC-CCA08D8D6EEE}.Ad-Hoc|x86.ActiveCfg = Ad-Hoc|iPhoneSimulator
		{C728007E-A676-4F43-A4BC-CCA08D8D6EEE}.AppStore|Any CPU.ActiveCfg = AppStore|iPhone
		{C728007E-A676-4F43-A4BC-CCA08D8D6EEE}.AppStore|ARM.ActiveCfg = AppStore|iPhone
		{C728007E-A676-4F43-A4BC-CCA08D8D6EEE}.AppStore|iPhone.ActiveCfg = AppStore|iPhone
		{C728007E-A676-4F43-A4BC-CCA08D8D6EEE}.AppStore|iPhone.Build.0 = AppStore|iPhone
		{C728007E-A676-4F43-A4BC-CCA08D8D6EEE}.AppStore|Mixed Platforms.ActiveCfg = AppStore|iPhoneSimulator
		{C728007E-A676-4F43-A4BC-CCA08D8D6EEE}.AppStore|Mixed Platforms.Build.0 = AppStore|iPhoneSimulator
		{C728007E-A676-4F43-A4BC-CCA08D8D6EEE}.AppStore|x64.ActiveCfg = AppStore|iPhoneSimulator
		{C728007E-A676-4F43-A4BC-CCA08D8D6EEE}.AppStore|x86.ActiveCfg = AppStore|iPhoneSimulator
		{C728007E-A676-4F43-A4BC-CCA08D8D6EEE}.Debug|Any CPU.ActiveCfg = Debug|iPhoneSimulator
		{C728007E-A676-4F43-A4BC-CCA08D8D6EEE}.Debug|Any CPU.Build.0 = Debug|iPhoneSimulator
		{C728007E-A676-4F43-A4BC-CCA08D8D6EEE}.Debug|ARM.ActiveCfg = Debug|iPhone
		{C728007E-A676-4F43-A4BC-CCA08D8D6EEE}.Debug|iPhone.ActiveCfg = Debug|iPhone
		{C728007E-A676-4F43-A4BC-CCA08D8D6EEE}.Debug|iPhone.Build.0 = Debug|iPhone
		{C728007E-A676-4F43-A4BC-CCA08D8D6EEE}.Debug|Mixed Platforms.ActiveCfg = Debug|iPhone
		{C728007E-A676-4F43-A4BC-CCA08D8D6EEE}.Debug|Mixed Platforms.Build.0 = Debug|iPhone
		{C728007E-A676-4F43-A4BC-CCA08D8D6EEE}.Debug|x64.ActiveCfg = Debug|iPhone
		{C728007E-A676-4F43-A4BC-CCA08D8D6EEE}.Debug|x86.ActiveCfg = Debug|iPhone
		{C728007E-A676-4F43-A4BC-CCA08D8D6EEE}.Release|Any CPU.ActiveCfg = Release|iPhoneSimulator
		{C728007E-A676-4F43-A4BC-CCA08D8D6EEE}.Release|Any CPU.Build.0 = Release|iPhoneSimulator
		{C728007E-A676-4F43-A4BC-CCA08D8D6EEE}.Release|ARM.ActiveCfg = Release|iPhone
		{C728007E-A676-4F43-A4BC-CCA08D8D6EEE}.Release|iPhone.ActiveCfg = Release|iPhone
		{C728007E-A676-4F43-A4BC-CCA08D8D6EEE}.Release|iPhone.Build.0 = Release|iPhone
		{C728007E-A676-4F43-A4BC-CCA08D8D6EEE}.Release|Mixed Platforms.ActiveCfg = Release|iPhone
		{C728007E-A676-4F43-A4BC-CCA08D8D6EEE}.Release|Mixed Platforms.Build.0 = Release|iPhone
		{C728007E-A676-4F43-A4BC-CCA08D8D6EEE}.Release|x64.ActiveCfg = Release|iPhone
		{C728007E-A676-4F43-A4BC-CCA08D8D6EEE}.Release|x86.ActiveCfg = Release|iPhone
		{02AC06E5-CF13-469E-A91D-12105B711670}.Ad-Hoc|Any CPU.ActiveCfg = Release|Any CPU
		{02AC06E5-CF13-469E-A91D-12105B711670}.Ad-Hoc|Any CPU.Build.0 = Release|Any CPU
		{02AC06E5-CF13-469E-A91D-12105B711670}.Ad-Hoc|Any CPU.Deploy.0 = Release|Any CPU
		{02AC06E5-CF13-469E-A91D-12105B711670}.Ad-Hoc|ARM.ActiveCfg = Release|Any CPU
		{02AC06E5-CF13-469E-A91D-12105B711670}.Ad-Hoc|iPhone.ActiveCfg = Release|Any CPU
		{02AC06E5-CF13-469E-A91D-12105B711670}.Ad-Hoc|Mixed Platforms.ActiveCfg = Debug|Any CPU
		{02AC06E5-CF13-469E-A91D-12105B711670}.Ad-Hoc|Mixed Platforms.Build.0 = Debug|Any CPU
		{02AC06E5-CF13-469E-A91D-12105B711670}.Ad-Hoc|Mixed Platforms.Deploy.0 = Debug|Any CPU
		{02AC06E5-CF13-469E-A91D-12105B711670}.Ad-Hoc|x64.ActiveCfg = Debug|Any CPU
		{02AC06E5-CF13-469E-A91D-12105B711670}.Ad-Hoc|x86.ActiveCfg = Debug|Any CPU
		{02AC06E5-CF13-469E-A91D-12105B711670}.AppStore|Any CPU.ActiveCfg = Release|Any CPU
		{02AC06E5-CF13-469E-A91D-12105B711670}.AppStore|Any CPU.Build.0 = Release|Any CPU
		{02AC06E5-CF13-469E-A91D-12105B711670}.AppStore|Any CPU.Deploy.0 = Release|Any CPU
		{02AC06E5-CF13-469E-A91D-12105B711670}.AppStore|ARM.ActiveCfg = Release|Any CPU
		{02AC06E5-CF13-469E-A91D-12105B711670}.AppStore|iPhone.ActiveCfg = Release|Any CPU
		{02AC06E5-CF13-469E-A91D-12105B711670}.AppStore|Mixed Platforms.ActiveCfg = Debug|Any CPU
		{02AC06E5-CF13-469E-A91D-12105B711670}.AppStore|Mixed Platforms.Build.0 = Debug|Any CPU
		{02AC06E5-CF13-469E-A91D-12105B711670}.AppStore|Mixed Platforms.Deploy.0 = Debug|Any CPU
		{02AC06E5-CF13-469E-A91D-12105B711670}.AppStore|x64.ActiveCfg = Debug|Any CPU
		{02AC06E5-CF13-469E-A91D-12105B711670}.AppStore|x86.ActiveCfg = Debug|Any CPU
		{02AC06E5-CF13-469E-A91D-12105B711670}.Debug|Any CPU.ActiveCfg = Debug|Any CPU
		{02AC06E5-CF13-469E-A91D-12105B711670}.Debug|Any CPU.Build.0 = Debug|Any CPU
		{02AC06E5-CF13-469E-A91D-12105B711670}.Debug|Any CPU.Deploy.0 = Debug|Any CPU
		{02AC06E5-CF13-469E-A91D-12105B711670}.Debug|ARM.ActiveCfg = Debug|Any CPU
		{02AC06E5-CF13-469E-A91D-12105B711670}.Debug|iPhone.ActiveCfg = Debug|Any CPU
		{02AC06E5-CF13-469E-A91D-12105B711670}.Debug|Mixed Platforms.ActiveCfg = Debug|Any CPU
		{02AC06E5-CF13-469E-A91D-12105B711670}.Debug|Mixed Platforms.Build.0 = Debug|Any CPU
		{02AC06E5-CF13-469E-A91D-12105B711670}.Debug|Mixed Platforms.Deploy.0 = Debug|Any CPU
		{02AC06E5-CF13-469E-A91D-12105B711670}.Debug|x64.ActiveCfg = Debug|Any CPU
		{02AC06E5-CF13-469E-A91D-12105B711670}.Debug|x86.ActiveCfg = Debug|Any CPU
		{02AC06E5-CF13-469E-A91D-12105B711670}.Release|Any CPU.ActiveCfg = Release|Any CPU
		{02AC06E5-CF13-469E-A91D-12105B711670}.Release|Any CPU.Build.0 = Release|Any CPU
		{02AC06E5-CF13-469E-A91D-12105B711670}.Release|Any CPU.Deploy.0 = Release|Any CPU
		{02AC06E5-CF13-469E-A91D-12105B711670}.Release|ARM.ActiveCfg = Release|Any CPU
		{02AC06E5-CF13-469E-A91D-12105B711670}.Release|iPhone.ActiveCfg = Release|Any CPU
		{02AC06E5-CF13-469E-A91D-12105B711670}.Release|Mixed Platforms.ActiveCfg = Release|Any CPU
		{02AC06E5-CF13-469E-A91D-12105B711670}.Release|Mixed Platforms.Build.0 = Release|Any CPU
		{02AC06E5-CF13-469E-A91D-12105B711670}.Release|Mixed Platforms.Deploy.0 = Release|Any CPU
		{02AC06E5-CF13-469E-A91D-12105B711670}.Release|x64.ActiveCfg = Release|Any CPU
		{02AC06E5-CF13-469E-A91D-12105B711670}.Release|x86.ActiveCfg = Release|Any CPU
		{1C97D25B-C1B1-422E-BA66-81E920F5EF14}.Ad-Hoc|Any CPU.ActiveCfg = Release|Any CPU
		{1C97D25B-C1B1-422E-BA66-81E920F5EF14}.Ad-Hoc|Any CPU.Build.0 = Release|Any CPU
		{1C97D25B-C1B1-422E-BA66-81E920F5EF14}.Ad-Hoc|Any CPU.Deploy.0 = Release|Any CPU
		{1C97D25B-C1B1-422E-BA66-81E920F5EF14}.Ad-Hoc|ARM.ActiveCfg = Release|ARM
		{1C97D25B-C1B1-422E-BA66-81E920F5EF14}.Ad-Hoc|ARM.Build.0 = Release|ARM
		{1C97D25B-C1B1-422E-BA66-81E920F5EF14}.Ad-Hoc|ARM.Deploy.0 = Release|ARM
		{1C97D25B-C1B1-422E-BA66-81E920F5EF14}.Ad-Hoc|iPhone.ActiveCfg = Release|Any CPU
		{1C97D25B-C1B1-422E-BA66-81E920F5EF14}.Ad-Hoc|Mixed Platforms.ActiveCfg = Release|x86
		{1C97D25B-C1B1-422E-BA66-81E920F5EF14}.Ad-Hoc|Mixed Platforms.Build.0 = Release|x86
		{1C97D25B-C1B1-422E-BA66-81E920F5EF14}.Ad-Hoc|Mixed Platforms.Deploy.0 = Release|x86
		{1C97D25B-C1B1-422E-BA66-81E920F5EF14}.Ad-Hoc|x64.ActiveCfg = Debug|Any CPU
		{1C97D25B-C1B1-422E-BA66-81E920F5EF14}.Ad-Hoc|x86.ActiveCfg = Release|x86
		{1C97D25B-C1B1-422E-BA66-81E920F5EF14}.Ad-Hoc|x86.Build.0 = Release|x86
		{1C97D25B-C1B1-422E-BA66-81E920F5EF14}.Ad-Hoc|x86.Deploy.0 = Release|x86
		{1C97D25B-C1B1-422E-BA66-81E920F5EF14}.AppStore|Any CPU.ActiveCfg = Release|Any CPU
		{1C97D25B-C1B1-422E-BA66-81E920F5EF14}.AppStore|Any CPU.Build.0 = Release|Any CPU
		{1C97D25B-C1B1-422E-BA66-81E920F5EF14}.AppStore|Any CPU.Deploy.0 = Release|Any CPU
		{1C97D25B-C1B1-422E-BA66-81E920F5EF14}.AppStore|ARM.ActiveCfg = Release|ARM
		{1C97D25B-C1B1-422E-BA66-81E920F5EF14}.AppStore|ARM.Build.0 = Release|ARM
		{1C97D25B-C1B1-422E-BA66-81E920F5EF14}.AppStore|ARM.Deploy.0 = Release|ARM
		{1C97D25B-C1B1-422E-BA66-81E920F5EF14}.AppStore|iPhone.ActiveCfg = Release|Any CPU
		{1C97D25B-C1B1-422E-BA66-81E920F5EF14}.AppStore|Mixed Platforms.ActiveCfg = Release|x86
		{1C97D25B-C1B1-422E-BA66-81E920F5EF14}.AppStore|Mixed Platforms.Build.0 = Release|x86
		{1C97D25B-C1B1-422E-BA66-81E920F5EF14}.AppStore|Mixed Platforms.Deploy.0 = Release|x86
		{1C97D25B-C1B1-422E-BA66-81E920F5EF14}.AppStore|x64.ActiveCfg = Debug|Any CPU
		{1C97D25B-C1B1-422E-BA66-81E920F5EF14}.AppStore|x86.ActiveCfg = Release|x86
		{1C97D25B-C1B1-422E-BA66-81E920F5EF14}.AppStore|x86.Build.0 = Release|x86
		{1C97D25B-C1B1-422E-BA66-81E920F5EF14}.AppStore|x86.Deploy.0 = Release|x86
		{1C97D25B-C1B1-422E-BA66-81E920F5EF14}.Debug|Any CPU.ActiveCfg = Debug|Any CPU
		{1C97D25B-C1B1-422E-BA66-81E920F5EF14}.Debug|Any CPU.Build.0 = Debug|Any CPU
		{1C97D25B-C1B1-422E-BA66-81E920F5EF14}.Debug|Any CPU.Deploy.0 = Debug|Any CPU
		{1C97D25B-C1B1-422E-BA66-81E920F5EF14}.Debug|ARM.ActiveCfg = Debug|ARM
		{1C97D25B-C1B1-422E-BA66-81E920F5EF14}.Debug|ARM.Build.0 = Debug|ARM
		{1C97D25B-C1B1-422E-BA66-81E920F5EF14}.Debug|ARM.Deploy.0 = Debug|ARM
		{1C97D25B-C1B1-422E-BA66-81E920F5EF14}.Debug|iPhone.ActiveCfg = Debug|Any CPU
		{1C97D25B-C1B1-422E-BA66-81E920F5EF14}.Debug|Mixed Platforms.ActiveCfg = Debug|x86
		{1C97D25B-C1B1-422E-BA66-81E920F5EF14}.Debug|Mixed Platforms.Build.0 = Debug|x86
		{1C97D25B-C1B1-422E-BA66-81E920F5EF14}.Debug|Mixed Platforms.Deploy.0 = Debug|x86
		{1C97D25B-C1B1-422E-BA66-81E920F5EF14}.Debug|x64.ActiveCfg = Debug|Any CPU
		{1C97D25B-C1B1-422E-BA66-81E920F5EF14}.Debug|x86.ActiveCfg = Debug|x86
		{1C97D25B-C1B1-422E-BA66-81E920F5EF14}.Debug|x86.Build.0 = Debug|x86
		{1C97D25B-C1B1-422E-BA66-81E920F5EF14}.Debug|x86.Deploy.0 = Debug|x86
		{1C97D25B-C1B1-422E-BA66-81E920F5EF14}.Release|Any CPU.ActiveCfg = Release|Any CPU
		{1C97D25B-C1B1-422E-BA66-81E920F5EF14}.Release|Any CPU.Build.0 = Release|Any CPU
		{1C97D25B-C1B1-422E-BA66-81E920F5EF14}.Release|Any CPU.Deploy.0 = Release|Any CPU
		{1C97D25B-C1B1-422E-BA66-81E920F5EF14}.Release|ARM.ActiveCfg = Release|ARM
		{1C97D25B-C1B1-422E-BA66-81E920F5EF14}.Release|ARM.Build.0 = Release|ARM
		{1C97D25B-C1B1-422E-BA66-81E920F5EF14}.Release|ARM.Deploy.0 = Release|ARM
		{1C97D25B-C1B1-422E-BA66-81E920F5EF14}.Release|iPhone.ActiveCfg = Release|Any CPU
		{1C97D25B-C1B1-422E-BA66-81E920F5EF14}.Release|Mixed Platforms.ActiveCfg = Release|x86
		{1C97D25B-C1B1-422E-BA66-81E920F5EF14}.Release|Mixed Platforms.Build.0 = Release|x86
		{1C97D25B-C1B1-422E-BA66-81E920F5EF14}.Release|Mixed Platforms.Deploy.0 = Release|x86
		{1C97D25B-C1B1-422E-BA66-81E920F5EF14}.Release|x64.ActiveCfg = Release|Any CPU
		{1C97D25B-C1B1-422E-BA66-81E920F5EF14}.Release|x86.ActiveCfg = Release|x86
		{1C97D25B-C1B1-422E-BA66-81E920F5EF14}.Release|x86.Build.0 = Release|x86
		{1C97D25B-C1B1-422E-BA66-81E920F5EF14}.Release|x86.Deploy.0 = Release|x86
		{FF9DC9B9-D59D-4CC4-A704-29684F747916}.Ad-Hoc|Any CPU.ActiveCfg = Release|Any CPU
		{FF9DC9B9-D59D-4CC4-A704-29684F747916}.Ad-Hoc|Any CPU.Build.0 = Release|Any CPU
		{FF9DC9B9-D59D-4CC4-A704-29684F747916}.Ad-Hoc|Any CPU.Deploy.0 = Release|Any CPU
		{FF9DC9B9-D59D-4CC4-A704-29684F747916}.Ad-Hoc|ARM.ActiveCfg = Release|ARM
		{FF9DC9B9-D59D-4CC4-A704-29684F747916}.Ad-Hoc|ARM.Build.0 = Release|ARM
		{FF9DC9B9-D59D-4CC4-A704-29684F747916}.Ad-Hoc|ARM.Deploy.0 = Release|ARM
		{FF9DC9B9-D59D-4CC4-A704-29684F747916}.Ad-Hoc|iPhone.ActiveCfg = Release|Any CPU
		{FF9DC9B9-D59D-4CC4-A704-29684F747916}.Ad-Hoc|Mixed Platforms.ActiveCfg = Release|x86
		{FF9DC9B9-D59D-4CC4-A704-29684F747916}.Ad-Hoc|Mixed Platforms.Build.0 = Release|x86
		{FF9DC9B9-D59D-4CC4-A704-29684F747916}.Ad-Hoc|Mixed Platforms.Deploy.0 = Release|x86
		{FF9DC9B9-D59D-4CC4-A704-29684F747916}.Ad-Hoc|x64.ActiveCfg = Release|Any CPU
		{FF9DC9B9-D59D-4CC4-A704-29684F747916}.Ad-Hoc|x86.ActiveCfg = Release|x86
		{FF9DC9B9-D59D-4CC4-A704-29684F747916}.Ad-Hoc|x86.Build.0 = Release|x86
		{FF9DC9B9-D59D-4CC4-A704-29684F747916}.Ad-Hoc|x86.Deploy.0 = Release|x86
		{FF9DC9B9-D59D-4CC4-A704-29684F747916}.AppStore|Any CPU.ActiveCfg = Release|Any CPU
		{FF9DC9B9-D59D-4CC4-A704-29684F747916}.AppStore|Any CPU.Build.0 = Release|Any CPU
		{FF9DC9B9-D59D-4CC4-A704-29684F747916}.AppStore|Any CPU.Deploy.0 = Release|Any CPU
		{FF9DC9B9-D59D-4CC4-A704-29684F747916}.AppStore|ARM.ActiveCfg = Release|ARM
		{FF9DC9B9-D59D-4CC4-A704-29684F747916}.AppStore|ARM.Build.0 = Release|ARM
		{FF9DC9B9-D59D-4CC4-A704-29684F747916}.AppStore|ARM.Deploy.0 = Release|ARM
		{FF9DC9B9-D59D-4CC4-A704-29684F747916}.AppStore|iPhone.ActiveCfg = Release|Any CPU
		{FF9DC9B9-D59D-4CC4-A704-29684F747916}.AppStore|Mixed Platforms.ActiveCfg = Release|x86
		{FF9DC9B9-D59D-4CC4-A704-29684F747916}.AppStore|Mixed Platforms.Build.0 = Release|x86
		{FF9DC9B9-D59D-4CC4-A704-29684F747916}.AppStore|Mixed Platforms.Deploy.0 = Release|x86
		{FF9DC9B9-D59D-4CC4-A704-29684F747916}.AppStore|x64.ActiveCfg = Release|Any CPU
		{FF9DC9B9-D59D-4CC4-A704-29684F747916}.AppStore|x86.ActiveCfg = Release|x86
		{FF9DC9B9-D59D-4CC4-A704-29684F747916}.AppStore|x86.Build.0 = Release|x86
		{FF9DC9B9-D59D-4CC4-A704-29684F747916}.AppStore|x86.Deploy.0 = Release|x86
		{FF9DC9B9-D59D-4CC4-A704-29684F747916}.Debug|Any CPU.ActiveCfg = Debug|Any CPU
		{FF9DC9B9-D59D-4CC4-A704-29684F747916}.Debug|Any CPU.Build.0 = Debug|Any CPU
		{FF9DC9B9-D59D-4CC4-A704-29684F747916}.Debug|Any CPU.Deploy.0 = Debug|Any CPU
		{FF9DC9B9-D59D-4CC4-A704-29684F747916}.Debug|ARM.ActiveCfg = Debug|ARM
		{FF9DC9B9-D59D-4CC4-A704-29684F747916}.Debug|ARM.Build.0 = Debug|ARM
		{FF9DC9B9-D59D-4CC4-A704-29684F747916}.Debug|ARM.Deploy.0 = Debug|ARM
		{FF9DC9B9-D59D-4CC4-A704-29684F747916}.Debug|iPhone.ActiveCfg = Debug|Any CPU
		{FF9DC9B9-D59D-4CC4-A704-29684F747916}.Debug|Mixed Platforms.ActiveCfg = Debug|x86
		{FF9DC9B9-D59D-4CC4-A704-29684F747916}.Debug|Mixed Platforms.Build.0 = Debug|x86
		{FF9DC9B9-D59D-4CC4-A704-29684F747916}.Debug|Mixed Platforms.Deploy.0 = Debug|x86
		{FF9DC9B9-D59D-4CC4-A704-29684F747916}.Debug|x64.ActiveCfg = Debug|Any CPU
		{FF9DC9B9-D59D-4CC4-A704-29684F747916}.Debug|x86.ActiveCfg = Debug|x86
		{FF9DC9B9-D59D-4CC4-A704-29684F747916}.Debug|x86.Build.0 = Debug|x86
		{FF9DC9B9-D59D-4CC4-A704-29684F747916}.Debug|x86.Deploy.0 = Debug|x86
		{FF9DC9B9-D59D-4CC4-A704-29684F747916}.Release|Any CPU.ActiveCfg = Release|Any CPU
		{FF9DC9B9-D59D-4CC4-A704-29684F747916}.Release|Any CPU.Build.0 = Release|Any CPU
		{FF9DC9B9-D59D-4CC4-A704-29684F747916}.Release|Any CPU.Deploy.0 = Release|Any CPU
		{FF9DC9B9-D59D-4CC4-A704-29684F747916}.Release|ARM.ActiveCfg = Release|ARM
		{FF9DC9B9-D59D-4CC4-A704-29684F747916}.Release|ARM.Build.0 = Release|ARM
		{FF9DC9B9-D59D-4CC4-A704-29684F747916}.Release|ARM.Deploy.0 = Release|ARM
		{FF9DC9B9-D59D-4CC4-A704-29684F747916}.Release|iPhone.ActiveCfg = Release|Any CPU
		{FF9DC9B9-D59D-4CC4-A704-29684F747916}.Release|Mixed Platforms.ActiveCfg = Release|x86
		{FF9DC9B9-D59D-4CC4-A704-29684F747916}.Release|Mixed Platforms.Build.0 = Release|x86
		{FF9DC9B9-D59D-4CC4-A704-29684F747916}.Release|Mixed Platforms.Deploy.0 = Release|x86
		{FF9DC9B9-D59D-4CC4-A704-29684F747916}.Release|x64.ActiveCfg = Release|Any CPU
		{FF9DC9B9-D59D-4CC4-A704-29684F747916}.Release|x86.ActiveCfg = Release|x86
		{FF9DC9B9-D59D-4CC4-A704-29684F747916}.Release|x86.Build.0 = Release|x86
		{FF9DC9B9-D59D-4CC4-A704-29684F747916}.Release|x86.Deploy.0 = Release|x86
		{4132B9E8-46DE-4541-AB20-EE26A57DD0D5}.Ad-Hoc|Any CPU.ActiveCfg = Release|Any CPU
		{4132B9E8-46DE-4541-AB20-EE26A57DD0D5}.Ad-Hoc|Any CPU.Build.0 = Release|Any CPU
		{4132B9E8-46DE-4541-AB20-EE26A57DD0D5}.Ad-Hoc|Any CPU.Deploy.0 = Release|Any CPU
		{4132B9E8-46DE-4541-AB20-EE26A57DD0D5}.Ad-Hoc|ARM.ActiveCfg = Release|ARM
		{4132B9E8-46DE-4541-AB20-EE26A57DD0D5}.Ad-Hoc|ARM.Build.0 = Release|ARM
		{4132B9E8-46DE-4541-AB20-EE26A57DD0D5}.Ad-Hoc|ARM.Deploy.0 = Release|ARM
		{4132B9E8-46DE-4541-AB20-EE26A57DD0D5}.Ad-Hoc|iPhone.ActiveCfg = Release|Any CPU
		{4132B9E8-46DE-4541-AB20-EE26A57DD0D5}.Ad-Hoc|Mixed Platforms.ActiveCfg = Release|x86
		{4132B9E8-46DE-4541-AB20-EE26A57DD0D5}.Ad-Hoc|Mixed Platforms.Build.0 = Release|x86
		{4132B9E8-46DE-4541-AB20-EE26A57DD0D5}.Ad-Hoc|Mixed Platforms.Deploy.0 = Release|x86
		{4132B9E8-46DE-4541-AB20-EE26A57DD0D5}.Ad-Hoc|x64.ActiveCfg = Release|x64
		{4132B9E8-46DE-4541-AB20-EE26A57DD0D5}.Ad-Hoc|x64.Build.0 = Release|x64
		{4132B9E8-46DE-4541-AB20-EE26A57DD0D5}.Ad-Hoc|x64.Deploy.0 = Release|x64
		{4132B9E8-46DE-4541-AB20-EE26A57DD0D5}.Ad-Hoc|x86.ActiveCfg = Release|x86
		{4132B9E8-46DE-4541-AB20-EE26A57DD0D5}.Ad-Hoc|x86.Build.0 = Release|x86
		{4132B9E8-46DE-4541-AB20-EE26A57DD0D5}.Ad-Hoc|x86.Deploy.0 = Release|x86
		{4132B9E8-46DE-4541-AB20-EE26A57DD0D5}.AppStore|Any CPU.ActiveCfg = Release|Any CPU
		{4132B9E8-46DE-4541-AB20-EE26A57DD0D5}.AppStore|Any CPU.Build.0 = Release|Any CPU
		{4132B9E8-46DE-4541-AB20-EE26A57DD0D5}.AppStore|Any CPU.Deploy.0 = Release|Any CPU
		{4132B9E8-46DE-4541-AB20-EE26A57DD0D5}.AppStore|ARM.ActiveCfg = Release|ARM
		{4132B9E8-46DE-4541-AB20-EE26A57DD0D5}.AppStore|ARM.Build.0 = Release|ARM
		{4132B9E8-46DE-4541-AB20-EE26A57DD0D5}.AppStore|ARM.Deploy.0 = Release|ARM
		{4132B9E8-46DE-4541-AB20-EE26A57DD0D5}.AppStore|iPhone.ActiveCfg = Release|Any CPU
		{4132B9E8-46DE-4541-AB20-EE26A57DD0D5}.AppStore|Mixed Platforms.ActiveCfg = Release|x86
		{4132B9E8-46DE-4541-AB20-EE26A57DD0D5}.AppStore|Mixed Platforms.Build.0 = Release|x86
		{4132B9E8-46DE-4541-AB20-EE26A57DD0D5}.AppStore|Mixed Platforms.Deploy.0 = Release|x86
		{4132B9E8-46DE-4541-AB20-EE26A57DD0D5}.AppStore|x64.ActiveCfg = Release|x64
		{4132B9E8-46DE-4541-AB20-EE26A57DD0D5}.AppStore|x64.Build.0 = Release|x64
		{4132B9E8-46DE-4541-AB20-EE26A57DD0D5}.AppStore|x64.Deploy.0 = Release|x64
		{4132B9E8-46DE-4541-AB20-EE26A57DD0D5}.AppStore|x86.ActiveCfg = Release|x86
		{4132B9E8-46DE-4541-AB20-EE26A57DD0D5}.AppStore|x86.Build.0 = Release|x86
		{4132B9E8-46DE-4541-AB20-EE26A57DD0D5}.AppStore|x86.Deploy.0 = Release|x86
		{4132B9E8-46DE-4541-AB20-EE26A57DD0D5}.Debug|Any CPU.ActiveCfg = Debug|Any CPU
		{4132B9E8-46DE-4541-AB20-EE26A57DD0D5}.Debug|Any CPU.Build.0 = Debug|Any CPU
		{4132B9E8-46DE-4541-AB20-EE26A57DD0D5}.Debug|Any CPU.Deploy.0 = Debug|Any CPU
		{4132B9E8-46DE-4541-AB20-EE26A57DD0D5}.Debug|ARM.ActiveCfg = Debug|ARM
		{4132B9E8-46DE-4541-AB20-EE26A57DD0D5}.Debug|ARM.Build.0 = Debug|ARM
		{4132B9E8-46DE-4541-AB20-EE26A57DD0D5}.Debug|ARM.Deploy.0 = Debug|ARM
		{4132B9E8-46DE-4541-AB20-EE26A57DD0D5}.Debug|iPhone.ActiveCfg = Debug|Any CPU
		{4132B9E8-46DE-4541-AB20-EE26A57DD0D5}.Debug|Mixed Platforms.ActiveCfg = Debug|x86
		{4132B9E8-46DE-4541-AB20-EE26A57DD0D5}.Debug|Mixed Platforms.Build.0 = Debug|x86
		{4132B9E8-46DE-4541-AB20-EE26A57DD0D5}.Debug|Mixed Platforms.Deploy.0 = Debug|x86
		{4132B9E8-46DE-4541-AB20-EE26A57DD0D5}.Debug|x64.ActiveCfg = Debug|x64
		{4132B9E8-46DE-4541-AB20-EE26A57DD0D5}.Debug|x64.Build.0 = Debug|x64
		{4132B9E8-46DE-4541-AB20-EE26A57DD0D5}.Debug|x64.Deploy.0 = Debug|x64
		{4132B9E8-46DE-4541-AB20-EE26A57DD0D5}.Debug|x86.ActiveCfg = Debug|x86
		{4132B9E8-46DE-4541-AB20-EE26A57DD0D5}.Debug|x86.Build.0 = Debug|x86
		{4132B9E8-46DE-4541-AB20-EE26A57DD0D5}.Debug|x86.Deploy.0 = Debug|x86
		{4132B9E8-46DE-4541-AB20-EE26A57DD0D5}.Release|Any CPU.ActiveCfg = Release|Any CPU
		{4132B9E8-46DE-4541-AB20-EE26A57DD0D5}.Release|Any CPU.Build.0 = Release|Any CPU
		{4132B9E8-46DE-4541-AB20-EE26A57DD0D5}.Release|Any CPU.Deploy.0 = Release|Any CPU
		{4132B9E8-46DE-4541-AB20-EE26A57DD0D5}.Release|ARM.ActiveCfg = Release|ARM
		{4132B9E8-46DE-4541-AB20-EE26A57DD0D5}.Release|ARM.Build.0 = Release|ARM
		{4132B9E8-46DE-4541-AB20-EE26A57DD0D5}.Release|ARM.Deploy.0 = Release|ARM
		{4132B9E8-46DE-4541-AB20-EE26A57DD0D5}.Release|iPhone.ActiveCfg = Release|Any CPU
		{4132B9E8-46DE-4541-AB20-EE26A57DD0D5}.Release|Mixed Platforms.ActiveCfg = Release|x86
		{4132B9E8-46DE-4541-AB20-EE26A57DD0D5}.Release|Mixed Platforms.Build.0 = Release|x86
		{4132B9E8-46DE-4541-AB20-EE26A57DD0D5}.Release|Mixed Platforms.Deploy.0 = Release|x86
		{4132B9E8-46DE-4541-AB20-EE26A57DD0D5}.Release|x64.ActiveCfg = Release|x64
		{4132B9E8-46DE-4541-AB20-EE26A57DD0D5}.Release|x64.Build.0 = Release|x64
		{4132B9E8-46DE-4541-AB20-EE26A57DD0D5}.Release|x64.Deploy.0 = Release|x64
		{4132B9E8-46DE-4541-AB20-EE26A57DD0D5}.Release|x86.ActiveCfg = Release|x86
		{4132B9E8-46DE-4541-AB20-EE26A57DD0D5}.Release|x86.Build.0 = Release|x86
		{4132B9E8-46DE-4541-AB20-EE26A57DD0D5}.Release|x86.Deploy.0 = Release|x86
		{66B4A52C-AF2A-4594-80A0-568243624A45}.Ad-Hoc|Any CPU.ActiveCfg = Release|x86
		{66B4A52C-AF2A-4594-80A0-568243624A45}.Ad-Hoc|Any CPU.Build.0 = Release|x86
		{66B4A52C-AF2A-4594-80A0-568243624A45}.Ad-Hoc|Any CPU.Deploy.0 = Release|x86
		{66B4A52C-AF2A-4594-80A0-568243624A45}.Ad-Hoc|ARM.ActiveCfg = Release|ARM
		{66B4A52C-AF2A-4594-80A0-568243624A45}.Ad-Hoc|ARM.Build.0 = Release|ARM
		{66B4A52C-AF2A-4594-80A0-568243624A45}.Ad-Hoc|ARM.Deploy.0 = Release|ARM
		{66B4A52C-AF2A-4594-80A0-568243624A45}.Ad-Hoc|iPhone.ActiveCfg = Release|x86
		{66B4A52C-AF2A-4594-80A0-568243624A45}.Ad-Hoc|iPhone.Build.0 = Release|x86
		{66B4A52C-AF2A-4594-80A0-568243624A45}.Ad-Hoc|iPhone.Deploy.0 = Release|x86
		{66B4A52C-AF2A-4594-80A0-568243624A45}.Ad-Hoc|Mixed Platforms.ActiveCfg = Release|x86
		{66B4A52C-AF2A-4594-80A0-568243624A45}.Ad-Hoc|Mixed Platforms.Build.0 = Release|x86
		{66B4A52C-AF2A-4594-80A0-568243624A45}.Ad-Hoc|Mixed Platforms.Deploy.0 = Release|x86
		{66B4A52C-AF2A-4594-80A0-568243624A45}.Ad-Hoc|x64.ActiveCfg = Release|x64
		{66B4A52C-AF2A-4594-80A0-568243624A45}.Ad-Hoc|x64.Build.0 = Release|x64
		{66B4A52C-AF2A-4594-80A0-568243624A45}.Ad-Hoc|x64.Deploy.0 = Release|x64
		{66B4A52C-AF2A-4594-80A0-568243624A45}.Ad-Hoc|x86.ActiveCfg = Release|x86
		{66B4A52C-AF2A-4594-80A0-568243624A45}.Ad-Hoc|x86.Build.0 = Release|x86
		{66B4A52C-AF2A-4594-80A0-568243624A45}.Ad-Hoc|x86.Deploy.0 = Release|x86
		{66B4A52C-AF2A-4594-80A0-568243624A45}.AppStore|Any CPU.ActiveCfg = Release|x86
		{66B4A52C-AF2A-4594-80A0-568243624A45}.AppStore|Any CPU.Build.0 = Release|x86
		{66B4A52C-AF2A-4594-80A0-568243624A45}.AppStore|Any CPU.Deploy.0 = Release|x86
		{66B4A52C-AF2A-4594-80A0-568243624A45}.AppStore|ARM.ActiveCfg = Release|ARM
		{66B4A52C-AF2A-4594-80A0-568243624A45}.AppStore|ARM.Build.0 = Release|ARM
		{66B4A52C-AF2A-4594-80A0-568243624A45}.AppStore|ARM.Deploy.0 = Release|ARM
		{66B4A52C-AF2A-4594-80A0-568243624A45}.AppStore|iPhone.ActiveCfg = Release|x86
		{66B4A52C-AF2A-4594-80A0-568243624A45}.AppStore|iPhone.Build.0 = Release|x86
		{66B4A52C-AF2A-4594-80A0-568243624A45}.AppStore|iPhone.Deploy.0 = Release|x86
		{66B4A52C-AF2A-4594-80A0-568243624A45}.AppStore|Mixed Platforms.ActiveCfg = Release|x86
		{66B4A52C-AF2A-4594-80A0-568243624A45}.AppStore|Mixed Platforms.Build.0 = Release|x86
		{66B4A52C-AF2A-4594-80A0-568243624A45}.AppStore|Mixed Platforms.Deploy.0 = Release|x86
		{66B4A52C-AF2A-4594-80A0-568243624A45}.AppStore|x64.ActiveCfg = Release|x64
		{66B4A52C-AF2A-4594-80A0-568243624A45}.AppStore|x64.Build.0 = Release|x64
		{66B4A52C-AF2A-4594-80A0-568243624A45}.AppStore|x64.Deploy.0 = Release|x64
		{66B4A52C-AF2A-4594-80A0-568243624A45}.AppStore|x86.ActiveCfg = Release|x86
		{66B4A52C-AF2A-4594-80A0-568243624A45}.AppStore|x86.Build.0 = Release|x86
		{66B4A52C-AF2A-4594-80A0-568243624A45}.AppStore|x86.Deploy.0 = Release|x86
		{66B4A52C-AF2A-4594-80A0-568243624A45}.Debug|Any CPU.ActiveCfg = Debug|x86
		{66B4A52C-AF2A-4594-80A0-568243624A45}.Debug|Any CPU.Build.0 = Debug|x86
		{66B4A52C-AF2A-4594-80A0-568243624A45}.Debug|Any CPU.Deploy.0 = Debug|x86
		{66B4A52C-AF2A-4594-80A0-568243624A45}.Debug|ARM.ActiveCfg = Debug|ARM
		{66B4A52C-AF2A-4594-80A0-568243624A45}.Debug|ARM.Build.0 = Debug|ARM
		{66B4A52C-AF2A-4594-80A0-568243624A45}.Debug|ARM.Deploy.0 = Debug|ARM
		{66B4A52C-AF2A-4594-80A0-568243624A45}.Debug|iPhone.ActiveCfg = Debug|x86
		{66B4A52C-AF2A-4594-80A0-568243624A45}.Debug|Mixed Platforms.ActiveCfg = Debug|x86
		{66B4A52C-AF2A-4594-80A0-568243624A45}.Debug|Mixed Platforms.Build.0 = Debug|x86
		{66B4A52C-AF2A-4594-80A0-568243624A45}.Debug|Mixed Platforms.Deploy.0 = Debug|x86
		{66B4A52C-AF2A-4594-80A0-568243624A45}.Debug|x64.ActiveCfg = Debug|x64
		{66B4A52C-AF2A-4594-80A0-568243624A45}.Debug|x64.Build.0 = Debug|x64
		{66B4A52C-AF2A-4594-80A0-568243624A45}.Debug|x64.Deploy.0 = Debug|x64
		{66B4A52C-AF2A-4594-80A0-568243624A45}.Debug|x86.ActiveCfg = Debug|x86
		{66B4A52C-AF2A-4594-80A0-568243624A45}.Debug|x86.Build.0 = Debug|x86
		{66B4A52C-AF2A-4594-80A0-568243624A45}.Debug|x86.Deploy.0 = Debug|x86
		{66B4A52C-AF2A-4594-80A0-568243624A45}.Release|Any CPU.ActiveCfg = Release|x86
		{66B4A52C-AF2A-4594-80A0-568243624A45}.Release|Any CPU.Build.0 = Release|x86
		{66B4A52C-AF2A-4594-80A0-568243624A45}.Release|Any CPU.Deploy.0 = Release|x86
		{66B4A52C-AF2A-4594-80A0-568243624A45}.Release|ARM.ActiveCfg = Release|ARM
		{66B4A52C-AF2A-4594-80A0-568243624A45}.Release|ARM.Build.0 = Release|ARM
		{66B4A52C-AF2A-4594-80A0-568243624A45}.Release|ARM.Deploy.0 = Release|ARM
		{66B4A52C-AF2A-4594-80A0-568243624A45}.Release|iPhone.ActiveCfg = Release|x86
		{66B4A52C-AF2A-4594-80A0-568243624A45}.Release|Mixed Platforms.ActiveCfg = Release|x86
		{66B4A52C-AF2A-4594-80A0-568243624A45}.Release|Mixed Platforms.Build.0 = Release|x86
		{66B4A52C-AF2A-4594-80A0-568243624A45}.Release|Mixed Platforms.Deploy.0 = Release|x86
		{66B4A52C-AF2A-4594-80A0-568243624A45}.Release|x64.ActiveCfg = Release|x64
		{66B4A52C-AF2A-4594-80A0-568243624A45}.Release|x64.Build.0 = Release|x64
		{66B4A52C-AF2A-4594-80A0-568243624A45}.Release|x64.Deploy.0 = Release|x64
		{66B4A52C-AF2A-4594-80A0-568243624A45}.Release|x86.ActiveCfg = Release|x86
		{66B4A52C-AF2A-4594-80A0-568243624A45}.Release|x86.Build.0 = Release|x86
		{66B4A52C-AF2A-4594-80A0-568243624A45}.Release|x86.Deploy.0 = Release|x86
	EndGlobalSection
	GlobalSection(SolutionProperties) = preSolution
		HideSolutionNode = FALSE
	EndGlobalSection
	GlobalSection(NestedProjects) = preSolution
		{3F87C7EE-5588-4A81-927F-B32FEBFDB700} = {7E86EDC5-78D6-4345-A6CC-943AD15DE28A}
		{C43A16A2-C01A-4DE4-952D-999A9883271B} = {7E86EDC5-78D6-4345-A6CC-943AD15DE28A}
		{B5697ED4-00EF-4661-9D75-A4C4071ECEA3} = {7E86EDC5-78D6-4345-A6CC-943AD15DE28A}
		{2C1F15BD-5FD5-41F7-8366-C27820589722} = {C539CDF6-6E17-444E-A494-6BC46B6DD907}
		{C728007E-A676-4F43-A4BC-CCA08D8D6EEE} = {C539CDF6-6E17-444E-A494-6BC46B6DD907}
		{02AC06E5-CF13-469E-A91D-12105B711670} = {C539CDF6-6E17-444E-A494-6BC46B6DD907}
		{1C97D25B-C1B1-422E-BA66-81E920F5EF14} = {C539CDF6-6E17-444E-A494-6BC46B6DD907}
		{FF9DC9B9-D59D-4CC4-A704-29684F747916} = {C539CDF6-6E17-444E-A494-6BC46B6DD907}
		{4132B9E8-46DE-4541-AB20-EE26A57DD0D5} = {C539CDF6-6E17-444E-A494-6BC46B6DD907}
	EndGlobalSection
EndGlobal
